PODS:
  - Differentiator (5.0.0)
  - Firebase/Analytics (11.1.0):
    - Firebase/Core
  - Firebase/Core (11.1.0):
    - Firebase/CoreOnly
    - FirebaseAnalytics (~> 11.1.0)
  - Firebase/CoreOnly (11.1.0):
    - FirebaseCore (= 11.1.0)
  - Firebase/Crashlytics (11.1.0):
    - Firebase/CoreOnly
    - FirebaseCrashlytics (~> 11.1.0)
  - Firebase/RemoteConfig (11.1.0):
    - Firebase/CoreOnly
    - FirebaseRemoteConfig (~> 11.1.0)
  - FirebaseABTesting (11.1.0):
    - FirebaseCore (~> 11.0)
  - FirebaseAnalytics (11.1.0):
    - FirebaseAnalytics/AdIdSupport (= 11.1.0)
    - FirebaseCore (~> 11.0)
    - FirebaseInstallations (~> 11.0)
    - GoogleUtilities/AppDelegateSwizzler (~> 8.0)
    - GoogleUtilities/MethodSwizzler (~> 8.0)
    - GoogleUtilities/Network (~> 8.0)
    - "GoogleUtilities/NSData+zlib (~> 8.0)"
    - nanopb (~> 3.30910.0)
  - FirebaseAnalytics/AdIdSupport (11.1.0):
    - FirebaseCore (~> 11.0)
    - FirebaseInstallations (~> 11.0)
    - GoogleAppMeasurement (= 11.1.0)
    - GoogleUtilities/AppDelegateSwizzler (~> 8.0)
    - GoogleUtilities/MethodSwizzler (~> 8.0)
    - GoogleUtilities/Network (~> 8.0)
    - "GoogleUtilities/NSData+zlib (~> 8.0)"
    - nanopb (~> 3.30910.0)
  - FirebaseCore (11.1.0):
    - FirebaseCoreInternal (~> 11.0)
    - GoogleUtilities/Environment (~> 8.0)
    - GoogleUtilities/Logger (~> 8.0)
  - FirebaseCoreExtension (11.1.0):
    - FirebaseCore (~> 11.0)
  - FirebaseCoreInternal (11.1.0):
    - "GoogleUtilities/NSData+zlib (~> 8.0)"
  - FirebaseCrashlytics (11.1.0):
    - FirebaseCore (~> 11.0)
    - FirebaseInstallations (~> 11.0)
    - FirebaseRemoteConfigInterop (~> 11.0)
    - FirebaseSessions (~> 11.0)
    - GoogleDataTransport (~> 10.0)
    - GoogleUtilities/Environment (~> 8.0)
    - nanopb (~> 3.30910.0)
    - PromisesObjC (~> 2.4)
  - FirebaseInstallations (11.1.0):
    - FirebaseCore (~> 11.0)
    - GoogleUtilities/Environment (~> 8.0)
    - GoogleUtilities/UserDefaults (~> 8.0)
    - PromisesObjC (~> 2.4)
  - FirebaseRemoteConfig (11.1.0):
    - FirebaseABTesting (~> 11.0)
    - FirebaseCore (~> 11.0)
    - FirebaseInstallations (~> 11.0)
    - FirebaseRemoteConfigInterop (~> 11.0)
    - FirebaseSharedSwift (~> 11.0)
    - GoogleUtilities/Environment (~> 8.0)
    - "GoogleUtilities/NSData+zlib (~> 8.0)"
  - FirebaseRemoteConfigInterop (11.1.0)
  - FirebaseSessions (11.1.0):
    - FirebaseCore (~> 11.0)
    - FirebaseCoreExtension (~> 11.0)
    - FirebaseInstallations (~> 11.0)
    - GoogleDataTransport (~> 10.0)
    - GoogleUtilities/Environment (~> 8.0)
    - GoogleUtilities/UserDefaults (~> 8.0)
    - nanopb (~> 3.30910.0)
    - PromisesSwift (~> 2.1)
  - FirebaseSharedSwift (11.1.0)
  - GoogleAppMeasurement (11.1.0):
    - GoogleAppMeasurement/AdIdSupport (= 11.1.0)
    - GoogleUtilities/AppDelegateSwizzler (~> 8.0)
    - GoogleUtilities/MethodSwizzler (~> 8.0)
    - GoogleUtilities/Network (~> 8.0)
    - "GoogleUtilities/NSData+zlib (~> 8.0)"
    - nanopb (~> 3.30910.0)
  - GoogleAppMeasurement/AdIdSupport (11.1.0):
    - GoogleAppMeasurement/WithoutAdIdSupport (= 11.1.0)
    - GoogleUtilities/AppDelegateSwizzler (~> 8.0)
    - GoogleUtilities/MethodSwizzler (~> 8.0)
    - GoogleUtilities/Network (~> 8.0)
    - "GoogleUtilities/NSData+zlib (~> 8.0)"
    - nanopb (~> 3.30910.0)
  - GoogleAppMeasurement/WithoutAdIdSupport (11.1.0):
    - GoogleUtilities/AppDelegateSwizzler (~> 8.0)
    - GoogleUtilities/MethodSwizzler (~> 8.0)
    - GoogleUtilities/Network (~> 8.0)
    - "GoogleUtilities/NSData+zlib (~> 8.0)"
    - nanopb (~> 3.30910.0)
  - GoogleDataTransport (10.1.0):
    - nanopb (~> 3.30910.0)
    - PromisesObjC (~> 2.4)
  - GoogleUtilities/AppDelegateSwizzler (8.0.2):
    - GoogleUtilities/Environment
    - GoogleUtilities/Logger
    - GoogleUtilities/Network
    - GoogleUtilities/Privacy
  - GoogleUtilities/Environment (8.0.2):
    - GoogleUtilities/Privacy
  - GoogleUtilities/Logger (8.0.2):
    - GoogleUtilities/Environment
    - GoogleUtilities/Privacy
  - GoogleUtilities/MethodSwizzler (8.0.2):
    - GoogleUtilities/Logger
    - GoogleUtilities/Privacy
  - GoogleUtilities/Network (8.0.2):
    - GoogleUtilities/Logger
    - "GoogleUtilities/NSData+zlib"
    - GoogleUtilities/Privacy
    - GoogleUtilities/Reachability
  - "GoogleUtilities/NSData+zlib (8.0.2)":
    - GoogleUtilities/Privacy
  - GoogleUtilities/Privacy (8.0.2)
  - GoogleUtilities/Reachability (8.0.2):
    - GoogleUtilities/Logger
    - GoogleUtilities/Privacy
  - GoogleUtilities/UserDefaults (8.0.2):
    - GoogleUtilities/Logger
    - GoogleUtilities/Privacy
  - Kingfisher (7.12.0)
  - nanopb (3.30910.0):
    - nanopb/decode (= 3.30910.0)
    - nanopb/encode (= 3.30910.0)
  - nanopb/decode (3.30910.0)
  - nanopb/encode (3.30910.0)
  - PromisesObjC (2.4.0)
  - PromisesSwift (2.4.0):
    - PromisesObjC (= 2.4.0)
  - ReactorKit (3.2.0):
    - RxSwift (~> 6.0)
    - WeakMapTable (~> 1.1)
  - RxCocoa (6.7.1):
    - RxRelay (= 6.7.1)
    - RxSwift (= 6.7.1)
  - RxDataSources (5.0.0):
    - Differentiator (~> 5.0)
    - RxCocoa (~> 6.0)
    - RxSwift (~> 6.0)
  - RxFlow (2.13.0):
    - RxCocoa (>= 6.0.0)
    - RxSwift (>= 6.0.0)
  - RxGesture (4.0.4):
    - RxCocoa (~> 6.0)
    - RxSwift (~> 6.0)
  - RxKeyboard (2.0.0):
    - RxCocoa (~> 6.0)
    - RxSwift (~> 6.0)
  - RxOptional (5.0.2):
    - RxCocoa (~> 6.0)
    - RxSwift (~> 6.0)
  - RxRelay (6.7.1):
    - RxSwift (= 6.7.1)
  - RxSwift (6.7.1)
  - RxSwiftExt (6.2.1):
    - RxSwiftExt/Core (= 6.2.1)
    - RxSwiftExt/RxCocoa (= 6.2.1)
  - RxSwiftExt/Core (6.2.1):
    - RxSwift (~> 6.0)
  - RxSwiftExt/RxCocoa (6.2.1):
    - RxCocoa (~> 6.0)
    - RxSwiftExt/Core
  - RxViewController (2.0.0):
    - RxCocoa (~> 6.0)
    - RxSwift (~> 6.0)
  - SnapKit (5.7.1)
  - SwiftGen (6.6.3)
  - SwiftLint (0.56.2)
  - Then (3.0.0)
  - WeakMapTable (1.2.0)

DEPENDENCIES:
  - Firebase/Analytics
  - Firebase/Crashlytics
  - Firebase/RemoteConfig
  - Kingfisher
  - ReactorKit
  - RxCocoa
  - RxDataSources
  - RxFlow
  - RxGesture
  - RxKeyboard
  - RxOptional
  - RxSwift
  - RxSwiftExt
  - RxViewController
  - SnapKit
  - SwiftGen
  - SwiftLint
  - Then

SPEC REPOS:
  trunk:
    - Differentiator
    - Firebase
    - FirebaseABTesting
    - FirebaseAnalytics
    - FirebaseCore
    - FirebaseCoreExtension
    - FirebaseCoreInternal
    - FirebaseCrashlytics
    - FirebaseInstallations
    - FirebaseRemoteConfig
    - FirebaseRemoteConfigInterop
    - FirebaseSessions
    - FirebaseSharedSwift
    - GoogleAppMeasurement
    - GoogleDataTransport
    - GoogleUtilities
    - Kingfisher
    - nanopb
    - PromisesObjC
    - PromisesSwift
    - ReactorKit
    - RxCocoa
    - RxDataSources
    - RxFlow
    - RxGesture
    - RxKeyboard
    - RxOptional
    - RxRelay
    - RxSwift
    - RxSwiftExt
    - RxViewController
    - SnapKit
    - SwiftGen
    - SwiftLint
    - Then
    - WeakMapTable

SPEC CHECKSUMS:
  Differentiator: e8497ceab83c1b10ca233716d547b9af21b9344d
  Firebase: fdb3bd378401f26a7adfcf446b0a630f8c20c0e8
  FirebaseABTesting: c2e22c3aab99afa81d0561708b2c1c356c556976
  FirebaseAnalytics: 9fcdb2e9844174bb405b34cc47092c9b91993d83
  FirebaseCore: 6e2a2782e234b14d48e880ed369ac55cda87fed7
  FirebaseCoreExtension: aa5c9779c2d0d39d83f1ceb3fdbafe80c4feecfa
  FirebaseCoreInternal: adefedc9a88dbe393c4884640a73ec9e8e790f8c
  FirebaseCrashlytics: 95cfe27373ff2edab39c28583d93cbf2dfff401d
  FirebaseInstallations: d0a8fea5a6fa91abc661591cf57c0f0d70863e57
  FirebaseRemoteConfig: 05521e937b72e01847a7128da5a492327364c705
  FirebaseRemoteConfigInterop: abf8b1bbc0bf1b84abd22b66746926410bf91a87
  FirebaseSessions: 78f137e68dc01ca71606169ba4ac73b98c13752a
  FirebaseSharedSwift: 260a35e08943ec810d820a70bc0359136351d0c5
  GoogleAppMeasurement: 8bb20efc67c8fc1cff9c42a06c256caf55289bbf
  GoogleDataTransport: aae35b7ea0c09004c3797d53c8c41f66f219d6a7
  GoogleUtilities: 26a3abef001b6533cf678d3eb38fd3f614b7872d
  Kingfisher: 53a10ea35051a436b5fb626ca2dd8f3144d755e9
  nanopb: fad817b59e0457d11a5dfbde799381cd727c1275
  PromisesObjC: f5707f49cb48b9636751c5b2e7d227e43fba9f47
  PromisesSwift: 9d77319bbe72ebf6d872900551f7eeba9bce2851
  ReactorKit: e8b11d6b9c415405f381669b095c154a05b59eca
  RxCocoa: f5609cb4637587a7faa99c5d5787e3ad582b75a4
  RxDataSources: aa47cc1ed6c500fa0dfecac5c979b723542d79cf
  RxFlow: 52f6f6379918392c1ea8cb62d8dcf2df9a5463dd
  RxGesture: f3efb47ed2d26a8082f7b660d4a59970e275a7f8
  RxKeyboard: 4f5863f43b4ff0cbb2a20b94688d6b80c8a43c14
  RxOptional: 3664964c96b69dd20c9cf78bdfe546615e26eca8
  RxRelay: 4151ba01152436b08271e08410135e099880eae5
  RxSwift: b9a93a26031785159e11abd40d1a55bcb8057e52
  RxSwiftExt: 43aaacb6a4d3c69c55e9d1cf4f79920043d13583
  RxViewController: 56486fa0afd629a1d6b5ba077f3b8cd9dc31b5d2
  SnapKit: d612e99e678a2d3b95bf60b0705ed0a35c03484a
  SwiftGen: 4993cbf71cbc4886f775e26f8d5c3a1188ec9f99
  SwiftLint: bd7cfb914762ab5f0cbb632964849571db075706
  Then: 844265ae87834bbe1147d91d5d41a404da2ec27d
  WeakMapTable: 05c694ce8439a7a9ebabb56187287a63c57673d6

PODFILE CHECKSUM: 579dded38142c1ab39098dd2bc4542903600d187

COCOAPODS: 1.15.2
