// !$*UTF8*$!
{
	archiveVersion = 1;
	classes = {
	};
	objectVersion = 55;
	objects = {

/* Begin PBXBuildFile section */
		78423E9A816288D6BC1EF082 /* Pods_momsnagging.framework in Frameworks */ = {isa = PBXBuildFile; fileRef = EFA57B18FDC67682950AC19E /* Pods_momsnagging.framework */; };
		868A11A4280F8F9F004DAC73 /* Icon.xcassets in Resources */ = {isa = PBXBuildFile; fileRef = 868A11A3280F8F9F004DAC73 /* Icon.xcassets */; };
		86D4BE2927F683D700E9EE8B /* OSLog.framework in Frameworks */ = {isa = PBXBuildFile; fileRef = 86D4BE2827F683D700E9EE8B /* OSLog.framework */; settings = {ATTRIBUTES = (Weak, ); }; };
		86E39209280F93E2007D3C04 /* XCAssets+Generated.swift in Sources */ = {isa = PBXBuildFile; fileRef = 86E39208280F93E2007D3C04 /* XCAssets+Generated.swift */; };
		86E3920C280FC923007D3C04 /* Pretendard-Bold.otf in Resources */ = {isa = PBXBuildFile; fileRef = 86E3920B280FC922007D3C04 /* Pretendard-Bold.otf */; };
		86E3920E280FC92B007D3C04 /* Pretendard-Regular.otf in Resources */ = {isa = PBXBuildFile; fileRef = 86E3920D280FC92B007D3C04 /* Pretendard-Regular.otf */; };
		86E39210280FC931007D3C04 /* Pretendard-SemiBold.otf in Resources */ = {isa = PBXBuildFile; fileRef = 86E3920F280FC931007D3C04 /* Pretendard-SemiBold.otf */; };
		86E39212280FC9C6007D3C04 /* Fonts+Generated.swift in Sources */ = {isa = PBXBuildFile; fileRef = 86E39211280FC9C6007D3C04 /* Fonts+Generated.swift */; };
		8F06EC0727D892D900A17FF2 /* AppDelegate.swift in Sources */ = {isa = PBXBuildFile; fileRef = 8F06EC0627D892D900A17FF2 /* AppDelegate.swift */; };
		8F06EC0927D892D900A17FF2 /* SceneDelegate.swift in Sources */ = {isa = PBXBuildFile; fileRef = 8F06EC0827D892D900A17FF2 /* SceneDelegate.swift */; };
		8F06EC1027D892DB00A17FF2 /* Assets.xcassets in Resources */ = {isa = PBXBuildFile; fileRef = 8F06EC0F27D892DB00A17FF2 /* Assets.xcassets */; };
		8F8DAE9A27D8948800F2E78F /* Color.xcassets in Resources */ = {isa = PBXBuildFile; fileRef = 8F8DAE9927D8948800F2E78F /* Color.xcassets */; };
		A0568DD92876C3F300AE9A9C /* RemoteConfigDefaults.plist in Resources */ = {isa = PBXBuildFile; fileRef = A0568DD82876C3F300AE9A9C /* RemoteConfigDefaults.plist */; };
		EA820DF22C84C7EA00EBABCE /* Localizable.strings in Resources */ = {isa = PBXBuildFile; fileRef = EA820DF02C84C7EA00EBABCE /* Localizable.strings */; };
		EA820DF42C84C80C00EBABCE /* swiftgen.yml in Resources */ = {isa = PBXBuildFile; fileRef = EA820DF32C84C80C00EBABCE /* swiftgen.yml */; };
		EA820DF62C84C85800EBABCE /* Strings+Generated.swift in Sources */ = {isa = PBXBuildFile; fileRef = EA820DF52C84C85800EBABCE /* Strings+Generated.swift */; };
		EA8539CD2C82296900A22F5C /* LaunchScreen.storyboard in Resources */ = {isa = PBXBuildFile; fileRef = EA8539CC2C82296900A22F5C /* LaunchScreen.storyboard */; };
		EA8539CF2C822A7800A22F5C /* IntroViewController.swift in Sources */ = {isa = PBXBuildFile; fileRef = EA8539CE2C822A7800A22F5C /* IntroViewController.swift */; };
		EA8539D22C822ACE00A22F5C /* BaseViewController.swift in Sources */ = {isa = PBXBuildFile; fileRef = EA8539D12C822ACE00A22F5C /* BaseViewController.swift */; };
		EA8539D92C822BD800A22F5C /* OSLog+Extension.swift in Sources */ = {isa = PBXBuildFile; fileRef = EA8539D82C822BD800A22F5C /* OSLog+Extension.swift */; };
		EA8539DB2C822C7F00A22F5C /* IntroReactor.swift in Sources */ = {isa = PBXBuildFile; fileRef = EA8539DA2C822C7F00A22F5C /* IntroReactor.swift */; };
		EA8539DD2C822D9500A22F5C /* ServiceProvider.swift in Sources */ = {isa = PBXBuildFile; fileRef = EA8539DC2C822D9500A22F5C /* ServiceProvider.swift */; };
		EA8539E12C822EC700A22F5C /* UserService.swift in Sources */ = {isa = PBXBuildFile; fileRef = EA8539E02C822EC700A22F5C /* UserService.swift */; };
		EA8539E32C82301800A22F5C /* BaseService.swift in Sources */ = {isa = PBXBuildFile; fileRef = EA8539E22C82301800A22F5C /* BaseService.swift */; };
		EA8539E52C82315100A22F5C /* AppFlow.swift in Sources */ = {isa = PBXBuildFile; fileRef = EA8539E42C82315100A22F5C /* AppFlow.swift */; };
		EA8539E72C8231E400A22F5C /* AppStep.swift in Sources */ = {isa = PBXBuildFile; fileRef = EA8539E62C8231E400A22F5C /* AppStep.swift */; };
		EA8539E92C82329E00A22F5C /* IntroFlow.swift in Sources */ = {isa = PBXBuildFile; fileRef = EA8539E82C82329E00A22F5C /* IntroFlow.swift */; };
		EA8539ED2C8239D200A22F5C /* Alertable.swift in Sources */ = {isa = PBXBuildFile; fileRef = EA8539EC2C8239D200A22F5C /* Alertable.swift */; };
		EA8539EF2C823B3500A22F5C /* BasePopupView.swift in Sources */ = {isa = PBXBuildFile; fileRef = EA8539EE2C823B3500A22F5C /* BasePopupView.swift */; };
		EA8539F12C823B4A00A22F5C /* Popupable.swift in Sources */ = {isa = PBXBuildFile; fileRef = EA8539F02C823B4A00A22F5C /* Popupable.swift */; };
		EA8539F32C823BF800A22F5C /* UIView+Extension.swift in Sources */ = {isa = PBXBuildFile; fileRef = EA8539F22C823BF800A22F5C /* UIView+Extension.swift */; };
		EA8539F52C82441600A22F5C /* AppUpdateService.swift in Sources */ = {isa = PBXBuildFile; fileRef = EA8539F42C82441600A22F5C /* AppUpdateService.swift */; };
		EA8539F82C82452D00A22F5C /* AppUpdateStatus.swift in Sources */ = {isa = PBXBuildFile; fileRef = EA8539F72C82452D00A22F5C /* AppUpdateStatus.swift */; };
		EA8539FA2C8245BA00A22F5C /* Constants.swift in Sources */ = {isa = PBXBuildFile; fileRef = EA8539F92C8245BA00A22F5C /* Constants.swift */; };
		EA8539FC2C82472100A22F5C /* GoogleService-Info.plist in Resources */ = {isa = PBXBuildFile; fileRef = EA8539FB2C82472100A22F5C /* GoogleService-Info.plist */; };
/* End PBXBuildFile section */

/* Begin PBXFileReference section */
		2900CA227AEED8ABFD8BD259 /* Pods-momsnagging.release.xcconfig */ = {isa = PBXFileReference; includeInIndex = 1; lastKnownFileType = text.xcconfig; name = "Pods-momsnagging.release.xcconfig"; path = "Target Support Files/Pods-momsnagging/Pods-momsnagging.release.xcconfig"; sourceTree = "<group>"; };
		7976B2BB96C29942DF65316A /* Pods-momsnagging.debug.xcconfig */ = {isa = PBXFileReference; includeInIndex = 1; lastKnownFileType = text.xcconfig; name = "Pods-momsnagging.debug.xcconfig"; path = "Target Support Files/Pods-momsnagging/Pods-momsnagging.debug.xcconfig"; sourceTree = "<group>"; };
		868A11A3280F8F9F004DAC73 /* Icon.xcassets */ = {isa = PBXFileReference; lastKnownFileType = folder.assetcatalog; path = Icon.xcassets; sourceTree = "<group>"; };
		86D4BE2827F683D700E9EE8B /* OSLog.framework */ = {isa = PBXFileReference; lastKnownFileType = wrapper.framework; name = OSLog.framework; path = System/Library/Frameworks/OSLog.framework; sourceTree = SDKROOT; };
		86E39208280F93E2007D3C04 /* XCAssets+Generated.swift */ = {isa = PBXFileReference; fileEncoding = 4; lastKnownFileType = sourcecode.swift; path = "XCAssets+Generated.swift"; sourceTree = "<group>"; };
		86E3920B280FC922007D3C04 /* Pretendard-Bold.otf */ = {isa = PBXFileReference; lastKnownFileType = file; path = "Pretendard-Bold.otf"; sourceTree = "<group>"; };
		86E3920D280FC92B007D3C04 /* Pretendard-Regular.otf */ = {isa = PBXFileReference; lastKnownFileType = file; path = "Pretendard-Regular.otf"; sourceTree = "<group>"; };
		86E3920F280FC931007D3C04 /* Pretendard-SemiBold.otf */ = {isa = PBXFileReference; lastKnownFileType = file; path = "Pretendard-SemiBold.otf"; sourceTree = "<group>"; };
		86E39211280FC9C6007D3C04 /* Fonts+Generated.swift */ = {isa = PBXFileReference; fileEncoding = 4; lastKnownFileType = sourcecode.swift; path = "Fonts+Generated.swift"; sourceTree = "<group>"; };
		8F06EC0327D892D900A17FF2 /* momsnagging.app */ = {isa = PBXFileReference; explicitFileType = wrapper.application; includeInIndex = 0; path = momsnagging.app; sourceTree = BUILT_PRODUCTS_DIR; };
		8F06EC0627D892D900A17FF2 /* AppDelegate.swift */ = {isa = PBXFileReference; lastKnownFileType = sourcecode.swift; path = AppDelegate.swift; sourceTree = "<group>"; };
		8F06EC0827D892D900A17FF2 /* SceneDelegate.swift */ = {isa = PBXFileReference; lastKnownFileType = sourcecode.swift; path = SceneDelegate.swift; sourceTree = "<group>"; };
		8F06EC0F27D892DB00A17FF2 /* Assets.xcassets */ = {isa = PBXFileReference; lastKnownFileType = folder.assetcatalog; path = Assets.xcassets; sourceTree = "<group>"; };
		8F06EC1427D892DB00A17FF2 /* Info.plist */ = {isa = PBXFileReference; lastKnownFileType = text.plist.xml; path = Info.plist; sourceTree = "<group>"; };
		8F8DAE9927D8948800F2E78F /* Color.xcassets */ = {isa = PBXFileReference; lastKnownFileType = folder.assetcatalog; path = Color.xcassets; sourceTree = "<group>"; };
		A040E620281D325C00CC0ABE /* NicknameSettingViewModel.swift */ = {isa = PBXFileReference; lastKnownFileType = sourcecode.swift; name = NicknameSettingViewModel.swift; path = momsnagging/Modules/Login/NicknameSetting/NicknameSettingViewModel.swift; sourceTree = SOURCE_ROOT; };
		A0568DD82876C3F300AE9A9C /* RemoteConfigDefaults.plist */ = {isa = PBXFileReference; lastKnownFileType = text.plist.xml; path = RemoteConfigDefaults.plist; sourceTree = "<group>"; };
		A06BB31627F058FA005727AD /* .swiftlint.yml */ = {isa = PBXFileReference; lastKnownFileType = text.yaml; path = .swiftlint.yml; sourceTree = "<group>"; };
		EA820DF12C84C7EA00EBABCE /* ko */ = {isa = PBXFileReference; lastKnownFileType = text.plist.strings; name = ko; path = ko.lproj/Localizable.strings; sourceTree = "<group>"; };
		EA820DF32C84C80C00EBABCE /* swiftgen.yml */ = {isa = PBXFileReference; fileEncoding = 4; lastKnownFileType = text.yaml; path = swiftgen.yml; sourceTree = "<group>"; };
		EA820DF52C84C85800EBABCE /* Strings+Generated.swift */ = {isa = PBXFileReference; fileEncoding = 4; lastKnownFileType = sourcecode.swift; path = "Strings+Generated.swift"; sourceTree = "<group>"; };
		EA8539CC2C82296900A22F5C /* LaunchScreen.storyboard */ = {isa = PBXFileReference; fileEncoding = 4; lastKnownFileType = file.storyboard; path = LaunchScreen.storyboard; sourceTree = "<group>"; };
		EA8539CE2C822A7800A22F5C /* IntroViewController.swift */ = {isa = PBXFileReference; lastKnownFileType = sourcecode.swift; path = IntroViewController.swift; sourceTree = "<group>"; };
		EA8539D12C822ACE00A22F5C /* BaseViewController.swift */ = {isa = PBXFileReference; lastKnownFileType = sourcecode.swift; path = BaseViewController.swift; sourceTree = "<group>"; };
		EA8539D82C822BD800A22F5C /* OSLog+Extension.swift */ = {isa = PBXFileReference; fileEncoding = 4; lastKnownFileType = sourcecode.swift; path = "OSLog+Extension.swift"; sourceTree = "<group>"; };
		EA8539DA2C822C7F00A22F5C /* IntroReactor.swift */ = {isa = PBXFileReference; lastKnownFileType = sourcecode.swift; path = IntroReactor.swift; sourceTree = "<group>"; };
		EA8539DC2C822D9500A22F5C /* ServiceProvider.swift */ = {isa = PBXFileReference; lastKnownFileType = sourcecode.swift; path = ServiceProvider.swift; sourceTree = "<group>"; };
		EA8539E02C822EC700A22F5C /* UserService.swift */ = {isa = PBXFileReference; lastKnownFileType = sourcecode.swift; path = UserService.swift; sourceTree = "<group>"; };
		EA8539E22C82301800A22F5C /* BaseService.swift */ = {isa = PBXFileReference; lastKnownFileType = sourcecode.swift; path = BaseService.swift; sourceTree = "<group>"; };
		EA8539E42C82315100A22F5C /* AppFlow.swift */ = {isa = PBXFileReference; lastKnownFileType = sourcecode.swift; path = AppFlow.swift; sourceTree = "<group>"; };
		EA8539E62C8231E400A22F5C /* AppStep.swift */ = {isa = PBXFileReference; lastKnownFileType = sourcecode.swift; path = AppStep.swift; sourceTree = "<group>"; };
		EA8539E82C82329E00A22F5C /* IntroFlow.swift */ = {isa = PBXFileReference; lastKnownFileType = sourcecode.swift; path = IntroFlow.swift; sourceTree = "<group>"; };
		EA8539EC2C8239D200A22F5C /* Alertable.swift */ = {isa = PBXFileReference; lastKnownFileType = sourcecode.swift; path = Alertable.swift; sourceTree = "<group>"; };
		EA8539EE2C823B3500A22F5C /* BasePopupView.swift */ = {isa = PBXFileReference; lastKnownFileType = sourcecode.swift; path = BasePopupView.swift; sourceTree = "<group>"; };
		EA8539F02C823B4A00A22F5C /* Popupable.swift */ = {isa = PBXFileReference; lastKnownFileType = sourcecode.swift; path = Popupable.swift; sourceTree = "<group>"; };
		EA8539F22C823BF800A22F5C /* UIView+Extension.swift */ = {isa = PBXFileReference; lastKnownFileType = sourcecode.swift; path = "UIView+Extension.swift"; sourceTree = "<group>"; };
		EA8539F42C82441600A22F5C /* AppUpdateService.swift */ = {isa = PBXFileReference; lastKnownFileType = sourcecode.swift; path = AppUpdateService.swift; sourceTree = "<group>"; };
		EA8539F72C82452D00A22F5C /* AppUpdateStatus.swift */ = {isa = PBXFileReference; lastKnownFileType = sourcecode.swift; path = AppUpdateStatus.swift; sourceTree = "<group>"; };
		EA8539F92C8245BA00A22F5C /* Constants.swift */ = {isa = PBXFileReference; lastKnownFileType = sourcecode.swift; path = Constants.swift; sourceTree = "<group>"; };
		EA8539FB2C82472100A22F5C /* GoogleService-Info.plist */ = {isa = PBXFileReference; fileEncoding = 4; lastKnownFileType = text.plist.xml; path = "GoogleService-Info.plist"; sourceTree = "<group>"; };
		EFA57B18FDC67682950AC19E /* Pods_momsnagging.framework */ = {isa = PBXFileReference; explicitFileType = wrapper.framework; includeInIndex = 0; path = Pods_momsnagging.framework; sourceTree = BUILT_PRODUCTS_DIR; };
/* End PBXFileReference section */

/* Begin PBXFrameworksBuildPhase section */
		8F06EC0027D892D900A17FF2 /* Frameworks */ = {
			isa = PBXFrameworksBuildPhase;
			buildActionMask = 2147483647;
			files = (
				86D4BE2927F683D700E9EE8B /* OSLog.framework in Frameworks */,
				78423E9A816288D6BC1EF082 /* Pods_momsnagging.framework in Frameworks */,
			);
			runOnlyForDeploymentPostprocessing = 0;
		};
/* End PBXFrameworksBuildPhase section */

/* Begin PBXGroup section */
		3022C1F3C21435DC7A457ECC /* Pods */ = {
			isa = PBXGroup;
			children = (
				7976B2BB96C29942DF65316A /* Pods-momsnagging.debug.xcconfig */,
				2900CA227AEED8ABFD8BD259 /* Pods-momsnagging.release.xcconfig */,
			);
			path = Pods;
			sourceTree = "<group>";
		};
		86E3920A280FC910007D3C04 /* Font */ = {
			isa = PBXGroup;
			children = (
				86E3920F280FC931007D3C04 /* Pretendard-SemiBold.otf */,
				86E3920D280FC92B007D3C04 /* Pretendard-Regular.otf */,
				86E3920B280FC922007D3C04 /* Pretendard-Bold.otf */,
			);
			path = Font;
			sourceTree = "<group>";
		};
		8F06EBFA27D892D900A17FF2 = {
			isa = PBXGroup;
			children = (
				EA820DF32C84C80C00EBABCE /* swiftgen.yml */,
				A06BB31627F058FA005727AD /* .swiftlint.yml */,
				8F06EC0527D892D900A17FF2 /* momsnagging */,
				8F06EC0427D892D900A17FF2 /* Products */,
				3022C1F3C21435DC7A457ECC /* Pods */,
				E2B7BEA15ACF83AA558CED4E /* Frameworks */,
				A067E589281D92360017EF53 /* Recovered References */,
			);
			sourceTree = "<group>";
		};
		8F06EC0427D892D900A17FF2 /* Products */ = {
			isa = PBXGroup;
			children = (
				8F06EC0327D892D900A17FF2 /* momsnagging.app */,
			);
			name = Products;
			sourceTree = "<group>";
		};
		8F06EC0527D892D900A17FF2 /* momsnagging */ = {
			isa = PBXGroup;
			children = (
				EA8539FB2C82472100A22F5C /* GoogleService-Info.plist */,
				EA8539BB2C821D0D00A22F5C /* Sources */,
				8F8DAE9827D8945300F2E78F /* Resources */,
				EA8539C42C82223200A22F5C /* Supporting */,
			);
			path = momsnagging;
			sourceTree = "<group>";
		};
		8F8DAE9827D8945300F2E78F /* Resources */ = {
			isa = PBXGroup;
			children = (
				86E3920A280FC910007D3C04 /* Font */,
				86E39211280FC9C6007D3C04 /* Fonts+Generated.swift */,
				86E39208280F93E2007D3C04 /* XCAssets+Generated.swift */,
				EA820DF52C84C85800EBABCE /* Strings+Generated.swift */,
				8F06EC0F27D892DB00A17FF2 /* Assets.xcassets */,
				8F8DAE9927D8948800F2E78F /* Color.xcassets */,
				868A11A3280F8F9F004DAC73 /* Icon.xcassets */,
				EA820DF02C84C7EA00EBABCE /* Localizable.strings */,
			);
			path = Resources;
			sourceTree = "<group>";
		};
		A067E589281D92360017EF53 /* Recovered References */ = {
			isa = PBXGroup;
			children = (
				A040E620281D325C00CC0ABE /* NicknameSettingViewModel.swift */,
			);
			name = "Recovered References";
			sourceTree = "<group>";
		};
		E2B7BEA15ACF83AA558CED4E /* Frameworks */ = {
			isa = PBXGroup;
			children = (
				86D4BE2827F683D700E9EE8B /* OSLog.framework */,
				EFA57B18FDC67682950AC19E /* Pods_momsnagging.framework */,
			);
			name = Frameworks;
			sourceTree = "<group>";
		};
		EA8539BB2C821D0D00A22F5C /* Sources */ = {
			isa = PBXGroup;
			children = (
				EA8539BD2C821DAE00A22F5C /* Application */,
				EA8539BF2C82213100A22F5C /* Common */,
				EA8539F62C82451000A22F5C /* Models */,
				EA8539C02C82213600A22F5C /* Services */,
				EA8539C12C82213D00A22F5C /* Flows */,
				EA8539BE2C82203E00A22F5C /* Scenes */,
			);
			path = Sources;
			sourceTree = "<group>";
		};
		EA8539BD2C821DAE00A22F5C /* Application */ = {
			isa = PBXGroup;
			children = (
				8F06EC0627D892D900A17FF2 /* AppDelegate.swift */,
				8F06EC0827D892D900A17FF2 /* SceneDelegate.swift */,
			);
			path = Application;
			sourceTree = "<group>";
		};
		EA8539BE2C82203E00A22F5C /* Scenes */ = {
			isa = PBXGroup;
			children = (
				EA8539D62C822BB300A22F5C /* Base */,
				EA8539CB2C82295500A22F5C /* Intro */,
			);
			path = Scenes;
			sourceTree = "<group>";
		};
		EA8539BF2C82213100A22F5C /* Common */ = {
			isa = PBXGroup;
			children = (
				EA8539F92C8245BA00A22F5C /* Constants.swift */,
				EA8539EB2C8239C500A22F5C /* Utils */,
				EA8539D72C822BD200A22F5C /* Extensions */,
			);
			path = Common;
			sourceTree = "<group>";
		};
		EA8539C02C82213600A22F5C /* Services */ = {
			isa = PBXGroup;
			children = (
				EA8539DC2C822D9500A22F5C /* ServiceProvider.swift */,
				EA8539E22C82301800A22F5C /* BaseService.swift */,
				EA8539E02C822EC700A22F5C /* UserService.swift */,
				EA8539F42C82441600A22F5C /* AppUpdateService.swift */,
			);
			path = Services;
			sourceTree = "<group>";
		};
		EA8539C12C82213D00A22F5C /* Flows */ = {
			isa = PBXGroup;
			children = (
				EA8539C22C82216200A22F5C /* Step */,
				EA8539C32C82217600A22F5C /* Flows */,
			);
			path = Flows;
			sourceTree = "<group>";
		};
		EA8539C22C82216200A22F5C /* Step */ = {
			isa = PBXGroup;
			children = (
				EA8539E62C8231E400A22F5C /* AppStep.swift */,
			);
			path = Step;
			sourceTree = "<group>";
		};
		EA8539C32C82217600A22F5C /* Flows */ = {
			isa = PBXGroup;
			children = (
				EA8539E42C82315100A22F5C /* AppFlow.swift */,
				EA8539E82C82329E00A22F5C /* IntroFlow.swift */,
			);
			path = Flows;
			sourceTree = "<group>";
		};
		EA8539C42C82223200A22F5C /* Supporting */ = {
			isa = PBXGroup;
			children = (
				8F06EC1427D892DB00A17FF2 /* Info.plist */,
				A0568DD82876C3F300AE9A9C /* RemoteConfigDefaults.plist */,
			);
			path = Supporting;
			sourceTree = "<group>";
		};
		EA8539CB2C82295500A22F5C /* Intro */ = {
			isa = PBXGroup;
			children = (
				EA8539CC2C82296900A22F5C /* LaunchScreen.storyboard */,
				EA8539CE2C822A7800A22F5C /* IntroViewController.swift */,
				EA8539DA2C822C7F00A22F5C /* IntroReactor.swift */,
			);
			path = Intro;
			sourceTree = "<group>";
		};
		EA8539D62C822BB300A22F5C /* Base */ = {
			isa = PBXGroup;
			children = (
				EA8539D12C822ACE00A22F5C /* BaseViewController.swift */,
				EA8539EE2C823B3500A22F5C /* BasePopupView.swift */,
			);
			path = Base;
			sourceTree = "<group>";
		};
		EA8539D72C822BD200A22F5C /* Extensions */ = {
			isa = PBXGroup;
			children = (
				EA8539D82C822BD800A22F5C /* OSLog+Extension.swift */,
				EA8539F22C823BF800A22F5C /* UIView+Extension.swift */,
			);
			path = Extensions;
			sourceTree = "<group>";
		};
		EA8539EB2C8239C500A22F5C /* Utils */ = {
			isa = PBXGroup;
			children = (
				EA8539EC2C8239D200A22F5C /* Alertable.swift */,
				EA8539F02C823B4A00A22F5C /* Popupable.swift */,
			);
			path = Utils;
			sourceTree = "<group>";
		};
		EA8539F62C82451000A22F5C /* Models */ = {
			isa = PBXGroup;
			children = (
				EA8539F72C82452D00A22F5C /* AppUpdateStatus.swift */,
			);
			path = Models;
			sourceTree = "<group>";
		};
/* End PBXGroup section */

/* Begin PBXNativeTarget section */
		8F06EC0227D892D900A17FF2 /* momsnagging */ = {
			isa = PBXNativeTarget;
			buildConfigurationList = 8F06EC1727D892DB00A17FF2 /* Build configuration list for PBXNativeTarget "momsnagging" */;
			buildPhases = (
				4301286D6BFFD4E020662A8A /* [CP] Check Pods Manifest.lock */,
				8F06EBFF27D892D900A17FF2 /* Sources */,
				8F06EC0027D892D900A17FF2 /* Frameworks */,
				8F06EC0127D892D900A17FF2 /* Resources */,
				44DF14DD82400B7789E2EE16 /* [CP] Embed Pods Frameworks */,
				A06F805E27DDFCEB00F13BFD /* Crashlytics Script */,
				868A11A5280F9047004DAC73 /* SwiftGen Script */,
				A06BB31527F058AC005727AD /* SwiftLint Script */,
			);
			buildRules = (
			);
			dependencies = (
			);
			name = momsnagging;
			productName = momsnagging;
			productReference = 8F06EC0327D892D900A17FF2 /* momsnagging.app */;
			productType = "com.apple.product-type.application";
		};
/* End PBXNativeTarget section */

/* Begin PBXProject section */
		8F06EBFB27D892D900A17FF2 /* Project object */ = {
			isa = PBXProject;
			attributes = {
				BuildIndependentTargetsInParallel = 1;
				LastSwiftUpdateCheck = 1310;
				LastUpgradeCheck = 1540;
				TargetAttributes = {
					8F06EC0227D892D900A17FF2 = {
						CreatedOnToolsVersion = 13.1;
						LastSwiftMigration = 1340;
					};
				};
			};
			buildConfigurationList = 8F06EBFE27D892D900A17FF2 /* Build configuration list for PBXProject "momsnagging" */;
			compatibilityVersion = "Xcode 13.0";
			developmentRegion = ko;
			hasScannedForEncodings = 0;
			knownRegions = (
				en,
				Base,
				ko,
			);
			mainGroup = 8F06EBFA27D892D900A17FF2;
			productRefGroup = 8F06EC0427D892D900A17FF2 /* Products */;
			projectDirPath = "";
			projectRoot = "";
			targets = (
				8F06EC0227D892D900A17FF2 /* momsnagging */,
			);
		};
/* End PBXProject section */

/* Begin PBXResourcesBuildPhase section */
		8F06EC0127D892D900A17FF2 /* Resources */ = {
			isa = PBXResourcesBuildPhase;
			buildActionMask = 2147483647;
			files = (
				EA8539CD2C82296900A22F5C /* LaunchScreen.storyboard in Resources */,
				86E3920C280FC923007D3C04 /* Pretendard-Bold.otf in Resources */,
				8F8DAE9A27D8948800F2E78F /* Color.xcassets in Resources */,
				86E39210280FC931007D3C04 /* Pretendard-SemiBold.otf in Resources */,
				EA8539FC2C82472100A22F5C /* GoogleService-Info.plist in Resources */,
				EA820DF22C84C7EA00EBABCE /* Localizable.strings in Resources */,
				A0568DD92876C3F300AE9A9C /* RemoteConfigDefaults.plist in Resources */,
				86E3920E280FC92B007D3C04 /* Pretendard-Regular.otf in Resources */,
				EA820DF42C84C80C00EBABCE /* swiftgen.yml in Resources */,
				8F06EC1027D892DB00A17FF2 /* Assets.xcassets in Resources */,
				868A11A4280F8F9F004DAC73 /* Icon.xcassets in Resources */,
			);
			runOnlyForDeploymentPostprocessing = 0;
		};
/* End PBXResourcesBuildPhase section */

/* Begin PBXShellScriptBuildPhase section */
		4301286D6BFFD4E020662A8A /* [CP] Check Pods Manifest.lock */ = {
			isa = PBXShellScriptBuildPhase;
			buildActionMask = 2147483647;
			files = (
			);
			inputFileListPaths = (
			);
			inputPaths = (
				"${PODS_PODFILE_DIR_PATH}/Podfile.lock",
				"${PODS_ROOT}/Manifest.lock",
			);
			name = "[CP] Check Pods Manifest.lock";
			outputFileListPaths = (
			);
			outputPaths = (
				"$(DERIVED_FILE_DIR)/Pods-momsnagging-checkManifestLockResult.txt",
			);
			runOnlyForDeploymentPostprocessing = 0;
			shellPath = /bin/sh;
			shellScript = "diff \"${PODS_PODFILE_DIR_PATH}/Podfile.lock\" \"${PODS_ROOT}/Manifest.lock\" > /dev/null\nif [ $? != 0 ] ; then\n    # print error to STDERR\n    echo \"error: The sandbox is not in sync with the Podfile.lock. Run 'pod install' or update your CocoaPods installation.\" >&2\n    exit 1\nfi\n# This output is used by Xcode 'outputs' to avoid re-running this script phase.\necho \"SUCCESS\" > \"${SCRIPT_OUTPUT_FILE_0}\"\n";
			showEnvVarsInLog = 0;
		};
		44DF14DD82400B7789E2EE16 /* [CP] Embed Pods Frameworks */ = {
			isa = PBXShellScriptBuildPhase;
			buildActionMask = 2147483647;
			files = (
			);
			inputFileListPaths = (
				"${PODS_ROOT}/Target Support Files/Pods-momsnagging/Pods-momsnagging-frameworks-${CONFIGURATION}-input-files.xcfilelist",
			);
			name = "[CP] Embed Pods Frameworks";
			outputFileListPaths = (
				"${PODS_ROOT}/Target Support Files/Pods-momsnagging/Pods-momsnagging-frameworks-${CONFIGURATION}-output-files.xcfilelist",
			);
			runOnlyForDeploymentPostprocessing = 0;
			shellPath = /bin/sh;
			shellScript = "\"${PODS_ROOT}/Target Support Files/Pods-momsnagging/Pods-momsnagging-frameworks.sh\"\n";
			showEnvVarsInLog = 0;
		};
		868A11A5280F9047004DAC73 /* SwiftGen Script */ = {
			isa = PBXShellScriptBuildPhase;
			buildActionMask = 2147483647;
			files = (
			);
			inputFileListPaths = (
			);
			inputPaths = (
			);
			name = "SwiftGen Script";
			outputFileListPaths = (
			);
			outputPaths = (
			);
			runOnlyForDeploymentPostprocessing = 0;
			shellPath = /bin/sh;
			shellScript = "# Type a script or drag a script file from your workspace to insert its path.\nif [[ -f \"${PODS_ROOT}/SwiftGen/bin/swiftgen\" ]]; then\n  \"${PODS_ROOT}/SwiftGen/bin/swiftgen\"\nelse\n  echo \"warning: SwiftGen is not installed. Run 'pod install --repo-update' to install it.\"\nfi\n";
		};
		A06BB31527F058AC005727AD /* SwiftLint Script */ = {
			isa = PBXShellScriptBuildPhase;
			buildActionMask = 2147483647;
			files = (
			);
			inputFileListPaths = (
			);
			inputPaths = (
			);
			name = "SwiftLint Script";
			outputFileListPaths = (
			);
			outputPaths = (
			);
			runOnlyForDeploymentPostprocessing = 0;
			shellPath = /bin/sh;
			shellScript = "if which ${PODS_ROOT}/SwiftLint/swiftlint >/dev/null; then\n${PODS_ROOT}/SwiftLint/swiftlint autocorrect\nelse\necho \"warning: SwiftLint not installed, download from https://github.com/realm/SwiftLint\"\nfi\n";
		};
		A06F805E27DDFCEB00F13BFD /* Crashlytics Script */ = {
			isa = PBXShellScriptBuildPhase;
			buildActionMask = 2147483647;
			files = (
			);
			inputFileListPaths = (
			);
			inputPaths = (
			);
			name = "Crashlytics Script";
			outputFileListPaths = (
			);
			outputPaths = (
			);
			runOnlyForDeploymentPostprocessing = 0;
			shellPath = /bin/sh;
			shellScript = "# Type a script or drag a script file from your workspace to insert its path.\n#\"${PODS_ROOT}/FirebaseCrashlytics/run\"\nif [ \"${CONFIGURATION}\" != \"Debug\" ]; then\n    \"${PODS_ROOT}/FirebaseCrashlytics/run\"\n    \"${PODS_ROOT}/FirebaseCrashlytics/upload-symbols\" -gsp ${BUILT_PRODUCTS_DIR}/${PRODUCT_NAME}.app/GoogleService-Info.plist -p ios ${DWARF_DSYM_FOLDER_PATH}/${DWARF_DSYM_FILE_NAME}\nfi\n";
		};
/* End PBXShellScriptBuildPhase section */

/* Begin PBXSourcesBuildPhase section */
		8F06EBFF27D892D900A17FF2 /* Sources */ = {
			isa = PBXSourcesBuildPhase;
			buildActionMask = 2147483647;
			files = (
				EA8539F82C82452D00A22F5C /* AppUpdateStatus.swift in Sources */,
				86E39209280F93E2007D3C04 /* XCAssets+Generated.swift in Sources */,
				EA8539DB2C822C7F00A22F5C /* IntroReactor.swift in Sources */,
				EA8539E92C82329E00A22F5C /* IntroFlow.swift in Sources */,
				8F06EC0727D892D900A17FF2 /* AppDelegate.swift in Sources */,
				EA8539F52C82441600A22F5C /* AppUpdateService.swift in Sources */,
				EA8539DD2C822D9500A22F5C /* ServiceProvider.swift in Sources */,
				EA8539CF2C822A7800A22F5C /* IntroViewController.swift in Sources */,
				EA8539F12C823B4A00A22F5C /* Popupable.swift in Sources */,
				EA8539E12C822EC700A22F5C /* UserService.swift in Sources */,
				EA820DF62C84C85800EBABCE /* Strings+Generated.swift in Sources */,
				EA8539E72C8231E400A22F5C /* AppStep.swift in Sources */,
				EA8539FA2C8245BA00A22F5C /* Constants.swift in Sources */,
				EA8539EF2C823B3500A22F5C /* BasePopupView.swift in Sources */,
				8F06EC0927D892D900A17FF2 /* SceneDelegate.swift in Sources */,
				EA8539ED2C8239D200A22F5C /* Alertable.swift in Sources */,
				EA8539F32C823BF800A22F5C /* UIView+Extension.swift in Sources */,
				EA8539E32C82301800A22F5C /* BaseService.swift in Sources */,
				EA8539D92C822BD800A22F5C /* OSLog+Extension.swift in Sources */,
				EA8539E52C82315100A22F5C /* AppFlow.swift in Sources */,
				86E39212280FC9C6007D3C04 /* Fonts+Generated.swift in Sources */,
				EA8539D22C822ACE00A22F5C /* BaseViewController.swift in Sources */,
			);
			runOnlyForDeploymentPostprocessing = 0;
		};
/* End PBXSourcesBuildPhase section */

/* Begin PBXVariantGroup section */
		EA820DF02C84C7EA00EBABCE /* Localizable.strings */ = {
			isa = PBXVariantGroup;
			children = (
				EA820DF12C84C7EA00EBABCE /* ko */,
			);
			name = Localizable.strings;
			sourceTree = "<group>";
		};
/* End PBXVariantGroup section */

/* Begin XCBuildConfiguration section */
		8F06EC1527D892DB00A17FF2 /* Debug */ = {
			isa = XCBuildConfiguration;
			buildSettings = {
				ALWAYS_SEARCH_USER_PATHS = NO;
				ASSETCATALOG_COMPILER_GENERATE_SWIFT_ASSET_SYMBOL_EXTENSIONS = YES;
				CLANG_ANALYZER_LOCALIZABILITY_NONLOCALIZED = YES;
				CLANG_ANALYZER_NONNULL = YES;
				CLANG_ANALYZER_NUMBER_OBJECT_CONVERSION = YES_AGGRESSIVE;
				CLANG_CXX_LANGUAGE_STANDARD = "gnu++17";
				CLANG_CXX_LIBRARY = "libc++";
				CLANG_ENABLE_MODULES = YES;
				CLANG_ENABLE_OBJC_ARC = YES;
				CLANG_ENABLE_OBJC_WEAK = YES;
				CLANG_WARN_BLOCK_CAPTURE_AUTORELEASING = YES;
				CLANG_WARN_BOOL_CONVERSION = YES;
				CLANG_WARN_COMMA = YES;
				CLANG_WARN_CONSTANT_CONVERSION = YES;
				CLANG_WARN_DEPRECATED_OBJC_IMPLEMENTATIONS = YES;
				CLANG_WARN_DIRECT_OBJC_ISA_USAGE = YES_ERROR;
				CLANG_WARN_DOCUMENTATION_COMMENTS = YES;
				CLANG_WARN_EMPTY_BODY = YES;
				CLANG_WARN_ENUM_CONVERSION = YES;
				CLANG_WARN_INFINITE_RECURSION = YES;
				CLANG_WARN_INT_CONVERSION = YES;
				CLANG_WARN_NON_LITERAL_NULL_CONVERSION = YES;
				CLANG_WARN_OBJC_IMPLICIT_RETAIN_SELF = YES;
				CLANG_WARN_OBJC_LITERAL_CONVERSION = YES;
				CLANG_WARN_OBJC_ROOT_CLASS = YES_ERROR;
				CLANG_WARN_QUOTED_INCLUDE_IN_FRAMEWORK_HEADER = YES;
				CLANG_WARN_RANGE_LOOP_ANALYSIS = YES;
				CLANG_WARN_STRICT_PROTOTYPES = YES;
				CLANG_WARN_SUSPICIOUS_MOVE = YES;
				CLANG_WARN_UNGUARDED_AVAILABILITY = YES_AGGRESSIVE;
				CLANG_WARN_UNREACHABLE_CODE = YES;
				CLANG_WARN__DUPLICATE_METHOD_MATCH = YES;
				COPY_PHASE_STRIP = NO;
				DEBUG_INFORMATION_FORMAT = dwarf;
				ENABLE_STRICT_OBJC_MSGSEND = YES;
				ENABLE_TESTABILITY = YES;
				ENABLE_USER_SCRIPT_SANDBOXING = NO;
				GCC_C_LANGUAGE_STANDARD = gnu11;
				GCC_DYNAMIC_NO_PIC = NO;
				GCC_NO_COMMON_BLOCKS = YES;
				GCC_OPTIMIZATION_LEVEL = 0;
				GCC_PREPROCESSOR_DEFINITIONS = (
					"DEBUG=1",
					"$(inherited)",
				);
				GCC_WARN_64_TO_32_BIT_CONVERSION = YES;
				GCC_WARN_ABOUT_RETURN_TYPE = YES_ERROR;
				GCC_WARN_UNDECLARED_SELECTOR = YES;
				GCC_WARN_UNINITIALIZED_AUTOS = YES_AGGRESSIVE;
				GCC_WARN_UNUSED_FUNCTION = YES;
				GCC_WARN_UNUSED_VARIABLE = YES;
				GOOGLE_CLIENT_ID = "124964608262-pgkimsv78a5tc2jkum5oc9716u78qhna.apps.googleusercontent.com";
				IPHONEOS_DEPLOYMENT_TARGET = 15.5;
				KAKAO_NATIVE_APP_KEY = 1257609eb9b1c0e9024b3efe772c07fa;
				MTL_ENABLE_DEBUG_INFO = INCLUDE_SOURCE;
				MTL_FAST_MATH = YES;
				ONLY_ACTIVE_ARCH = YES;
				SDKROOT = iphoneos;
				SWIFT_ACTIVE_COMPILATION_CONDITIONS = DEBUG;
				SWIFT_OPTIMIZATION_LEVEL = "-Onone";
			};
			name = Debug;
		};
		8F06EC1627D892DB00A17FF2 /* Release */ = {
			isa = XCBuildConfiguration;
			buildSettings = {
				ALWAYS_SEARCH_USER_PATHS = NO;
				ASSETCATALOG_COMPILER_GENERATE_SWIFT_ASSET_SYMBOL_EXTENSIONS = YES;
				CLANG_ANALYZER_LOCALIZABILITY_NONLOCALIZED = YES;
				CLANG_ANALYZER_NONNULL = YES;
				CLANG_ANALYZER_NUMBER_OBJECT_CONVERSION = YES_AGGRESSIVE;
				CLANG_CXX_LANGUAGE_STANDARD = "gnu++17";
				CLANG_CXX_LIBRARY = "libc++";
				CLANG_ENABLE_MODULES = YES;
				CLANG_ENABLE_OBJC_ARC = YES;
				CLANG_ENABLE_OBJC_WEAK = YES;
				CLANG_WARN_BLOCK_CAPTURE_AUTORELEASING = YES;
				CLANG_WARN_BOOL_CONVERSION = YES;
				CLANG_WARN_COMMA = YES;
				CLANG_WARN_CONSTANT_CONVERSION = YES;
				CLANG_WARN_DEPRECATED_OBJC_IMPLEMENTATIONS = YES;
				CLANG_WARN_DIRECT_OBJC_ISA_USAGE = YES_ERROR;
				CLANG_WARN_DOCUMENTATION_COMMENTS = YES;
				CLANG_WARN_EMPTY_BODY = YES;
				CLANG_WARN_ENUM_CONVERSION = YES;
				CLANG_WARN_INFINITE_RECURSION = YES;
				CLANG_WARN_INT_CONVERSION = YES;
				CLANG_WARN_NON_LITERAL_NULL_CONVERSION = YES;
				CLANG_WARN_OBJC_IMPLICIT_RETAIN_SELF = YES;
				CLANG_WARN_OBJC_LITERAL_CONVERSION = YES;
				CLANG_WARN_OBJC_ROOT_CLASS = YES_ERROR;
				CLANG_WARN_QUOTED_INCLUDE_IN_FRAMEWORK_HEADER = YES;
				CLANG_WARN_RANGE_LOOP_ANALYSIS = YES;
				CLANG_WARN_STRICT_PROTOTYPES = YES;
				CLANG_WARN_SUSPICIOUS_MOVE = YES;
				CLANG_WARN_UNGUARDED_AVAILABILITY = YES_AGGRESSIVE;
				CLANG_WARN_UNREACHABLE_CODE = YES;
				CLANG_WARN__DUPLICATE_METHOD_MATCH = YES;
				COPY_PHASE_STRIP = NO;
				DEBUG_INFORMATION_FORMAT = "dwarf-with-dsym";
				ENABLE_NS_ASSERTIONS = NO;
				ENABLE_STRICT_OBJC_MSGSEND = YES;
				ENABLE_USER_SCRIPT_SANDBOXING = NO;
				GCC_C_LANGUAGE_STANDARD = gnu11;
				GCC_NO_COMMON_BLOCKS = YES;
				GCC_WARN_64_TO_32_BIT_CONVERSION = YES;
				GCC_WARN_ABOUT_RETURN_TYPE = YES_ERROR;
				GCC_WARN_UNDECLARED_SELECTOR = YES;
				GCC_WARN_UNINITIALIZED_AUTOS = YES_AGGRESSIVE;
				GCC_WARN_UNUSED_FUNCTION = YES;
				GCC_WARN_UNUSED_VARIABLE = YES;
				GOOGLE_CLIENT_ID = "124964608262-donppl2rva0b9i5scldi6m4iuoa809oj.apps.googleusercontent.com";
				IPHONEOS_DEPLOYMENT_TARGET = 15.5;
				KAKAO_NATIVE_APP_KEY = 1257609eb9b1c0e9024b3efe772c07fa;
				MTL_ENABLE_DEBUG_INFO = NO;
				MTL_FAST_MATH = YES;
				SDKROOT = iphoneos;
				SWIFT_COMPILATION_MODE = wholemodule;
				SWIFT_OPTIMIZATION_LEVEL = "-O";
				VALIDATE_PRODUCT = YES;
			};
			name = Release;
		};
		8F06EC1827D892DB00A17FF2 /* Debug */ = {
			isa = XCBuildConfiguration;
			baseConfigurationReference = 7976B2BB96C29942DF65316A /* Pods-momsnagging.debug.xcconfig */;
			buildSettings = {
				ASSETCATALOG_COMPILER_APPICON_NAME = AppIcon;
				ASSETCATALOG_COMPILER_GLOBAL_ACCENT_COLOR_NAME = AccentColor;
				CLANG_ENABLE_MODULES = YES;
				CODE_SIGN_ENTITLEMENTS = momsnagging/momsnagging.entitlements;
				CODE_SIGN_IDENTITY = "Apple Development";
				CODE_SIGN_STYLE = Automatic;
				CURRENT_PROJECT_VERSION = 1;
				DEPLOY_PHASE = debug;
				DEVELOPMENT_TEAM = 3T5QFYSPG5;
				GENERATE_INFOPLIST_FILE = YES;
				GOOGLE_CLIENT_ID = "124964608262-32u0a6bdj4875g40e9t5aadmrpp7sirr.apps.googleusercontent.com";
				INFOPLIST_FILE = momsnagging/Supporting/Info.plist;
				INFOPLIST_KEY_CFBundleDisplayName = "엄마의 잔소리";
				INFOPLIST_KEY_UIApplicationSupportsIndirectInputEvents = YES;
				INFOPLIST_KEY_UILaunchStoryboardName = LaunchScreen;
				INFOPLIST_KEY_UISupportedInterfaceOrientations = UIInterfaceOrientationPortrait;
				INFOPLIST_KEY_UISupportedInterfaceOrientations_iPad = "UIInterfaceOrientationPortrait UIInterfaceOrientationPortraitUpsideDown UIInterfaceOrientationLandscapeLeft UIInterfaceOrientationLandscapeRight";
				INFOPLIST_KEY_UISupportedInterfaceOrientations_iPhone = "UIInterfaceOrientationPortrait UIInterfaceOrientationLandscapeLeft UIInterfaceOrientationLandscapeRight";
				INFOPLIST_KEY_UIUserInterfaceStyle = Light;
				IPHONEOS_DEPLOYMENT_TARGET = 16.0;
				LD_RUNPATH_SEARCH_PATHS = (
					"$(inherited)",
					"@executable_path/Frameworks",
				);
				MARKETING_VERSION = 1.1.0;
				PRODUCT_BUNDLE_IDENTIFIER = team.jasik.momsnagging.dev;
				PRODUCT_NAME = "$(TARGET_NAME)";
				PROVISIONING_PROFILE_SPECIFIER = "";
				SWIFT_EMIT_LOC_STRINGS = YES;
				SWIFT_OPTIMIZATION_LEVEL = "-Onone";
				SWIFT_VERSION = 5.0;
				TARGETED_DEVICE_FAMILY = 1;
			};
			name = Debug;
		};
		8F06EC1927D892DB00A17FF2 /* Release */ = {
			isa = XCBuildConfiguration;
			baseConfigurationReference = 2900CA227AEED8ABFD8BD259 /* Pods-momsnagging.release.xcconfig */;
			buildSettings = {
				ASSETCATALOG_COMPILER_APPICON_NAME = AppIcon;
				ASSETCATALOG_COMPILER_GLOBAL_ACCENT_COLOR_NAME = AccentColor;
				CLANG_ENABLE_MODULES = YES;
				CODE_SIGN_ENTITLEMENTS = momsnagging/momsnagging.entitlements;
				CODE_SIGN_IDENTITY = "Apple Development";
				CODE_SIGN_STYLE = Automatic;
				CURRENT_PROJECT_VERSION = 1;
				DEPLOY_PHASE = release;
				DEVELOPMENT_TEAM = 3T5QFYSPG5;
				GENERATE_INFOPLIST_FILE = YES;
				INFOPLIST_FILE = momsnagging/Supporting/Info.plist;
				INFOPLIST_KEY_CFBundleDisplayName = "엄마의 잔소리";
				INFOPLIST_KEY_UIApplicationSupportsIndirectInputEvents = YES;
				INFOPLIST_KEY_UILaunchStoryboardName = LaunchScreen;
				INFOPLIST_KEY_UISupportedInterfaceOrientations = UIInterfaceOrientationPortrait;
				INFOPLIST_KEY_UISupportedInterfaceOrientations_iPad = "UIInterfaceOrientationPortrait UIInterfaceOrientationPortraitUpsideDown UIInterfaceOrientationLandscapeLeft UIInterfaceOrientationLandscapeRight";
				INFOPLIST_KEY_UISupportedInterfaceOrientations_iPhone = "UIInterfaceOrientationPortrait UIInterfaceOrientationLandscapeLeft UIInterfaceOrientationLandscapeRight";
				INFOPLIST_KEY_UIUserInterfaceStyle = Light;
				IPHONEOS_DEPLOYMENT_TARGET = 16.0;
				LD_RUNPATH_SEARCH_PATHS = (
					"$(inherited)",
					"@executable_path/Frameworks",
				);
				MARKETING_VERSION = 1.1.0;
				PRODUCT_BUNDLE_IDENTIFIER = team.jasik.momsnagging;
				PRODUCT_NAME = "$(TARGET_NAME)";
				PROVISIONING_PROFILE_SPECIFIER = "";
				SWIFT_EMIT_LOC_STRINGS = YES;
				SWIFT_VERSION = 5.0;
				TARGETED_DEVICE_FAMILY = 1;
			};
			name = Release;
		};
/* End XCBuildConfiguration section */

/* Begin XCConfigurationList section */
		8F06EBFE27D892D900A17FF2 /* Build configuration list for PBXProject "momsnagging" */ = {
			isa = XCConfigurationList;
			buildConfigurations = (
				8F06EC1527D892DB00A17FF2 /* Debug */,
				8F06EC1627D892DB00A17FF2 /* Release */,
			);
			defaultConfigurationIsVisible = 0;
			defaultConfigurationName = Debug;
		};
		8F06EC1727D892DB00A17FF2 /* Build configuration list for PBXNativeTarget "momsnagging" */ = {
			isa = XCConfigurationList;
			buildConfigurations = (
				8F06EC1827D892DB00A17FF2 /* Debug */,
				8F06EC1927D892DB00A17FF2 /* Release */,
			);
			defaultConfigurationIsVisible = 0;
			defaultConfigurationName = Debug;
		};
/* End XCConfigurationList section */
	};
	rootObject = 8F06EBFB27D892D900A17FF2 /* Project object */;
}
