// !$*UTF8*$!
{
	archiveVersion = 1;
	classes = {
	};
	objectVersion = 55;
	objects = {

/* Begin PBXBuildFile section */
		78423E9A816288D6BC1EF082 /* Pods_momsnagging.framework in Frameworks */ = {isa = PBXBuildFile; fileRef = EFA57B18FDC67682950AC19E /* Pods_momsnagging.framework */; };
		8617642E28111AB400F7B254 /* Observable+Operators.swift in Sources */ = {isa = PBXBuildFile; fileRef = 8617642D28111AB400F7B254 /* Observable+Operators.swift */; };
		8638A552281B7874003D771B /* UITextField+Extension.swift in Sources */ = {isa = PBXBuildFile; fileRef = 8638A551281B7874003D771B /* UITextField+Extension.swift */; };
		86523CA02824FD4A00F243A8 /* DetailHabitView.swift in Sources */ = {isa = PBXBuildFile; fileRef = 86523C9F2824FD4A00F243A8 /* DetailHabitView.swift */; };
		86523CA22824FD7F00F243A8 /* DetailHabitViewModel.swift in Sources */ = {isa = PBXBuildFile; fileRef = 86523CA12824FD7F00F243A8 /* DetailHabitViewModel.swift */; };
		8662F760282A5892007998CE /* PerformTimeSettingView.swift in Sources */ = {isa = PBXBuildFile; fileRef = 8662F75F282A5891007998CE /* PerformTimeSettingView.swift */; };
		8662F762282A5C9B007998CE /* PerformTimeSettingViewModel.swift in Sources */ = {isa = PBXBuildFile; fileRef = 8662F761282A5C9B007998CE /* PerformTimeSettingViewModel.swift */; };
		8677C734282B469700709F99 /* PerformTimeGuideCell.swift in Sources */ = {isa = PBXBuildFile; fileRef = 8677C733282B469700709F99 /* PerformTimeGuideCell.swift */; };
		8677C736282B70F400709F99 /* LeftAlignedCollectionViewFlowLayout.swift in Sources */ = {isa = PBXBuildFile; fileRef = 8677C735282B70F400709F99 /* LeftAlignedCollectionViewFlowLayout.swift */; };
		867C1411281A7602007E5590 /* IDSettingView.swift in Sources */ = {isa = PBXBuildFile; fileRef = 867C1410281A7602007E5590 /* IDSettingView.swift */; };
		867C1413281A7615007E5590 /* IDSettingViewModel.swift in Sources */ = {isa = PBXBuildFile; fileRef = 867C1412281A7615007E5590 /* IDSettingViewModel.swift */; };
		868A11A4280F8F9F004DAC73 /* Icon.xcassets in Resources */ = {isa = PBXBuildFile; fileRef = 868A11A3280F8F9F004DAC73 /* Icon.xcassets */; };
		868A57512828A619004153BB /* CommonTextField.swift in Sources */ = {isa = PBXBuildFile; fileRef = 868A57502828A619004153BB /* CommonTextField.swift */; };
		868A57532828B70F004153BB /* CommonHintLabel.swift in Sources */ = {isa = PBXBuildFile; fileRef = 868A57522828B70F004153BB /* CommonHintLabel.swift */; };
		868A57562828CC7C004153BB /* CycleCell.swift in Sources */ = {isa = PBXBuildFile; fileRef = 868A57552828CC7C004153BB /* CycleCell.swift */; };
		86B36F722817756800655059 /* UIView+Extension.swift in Sources */ = {isa = PBXBuildFile; fileRef = 86B36F712817756800655059 /* UIView+Extension.swift */; };
		86D4BE2727F6835C00E9EE8B /* OSLog+Extension.swift in Sources */ = {isa = PBXBuildFile; fileRef = 86D4BE2627F6835C00E9EE8B /* OSLog+Extension.swift */; };
		86D4BE2927F683D700E9EE8B /* OSLog.framework in Frameworks */ = {isa = PBXBuildFile; fileRef = 86D4BE2827F683D700E9EE8B /* OSLog.framework */; settings = {ATTRIBUTES = (Weak, ); }; };
		86D4BE2E27F6BE2000E9EE8B /* User.swift in Sources */ = {isa = PBXBuildFile; fileRef = 86D4BE2D27F6BE2000E9EE8B /* User.swift */; };
		86E39209280F93E2007D3C04 /* XCAssets+Generated.swift in Sources */ = {isa = PBXBuildFile; fileRef = 86E39208280F93E2007D3C04 /* XCAssets+Generated.swift */; };
		86E3920C280FC923007D3C04 /* Pretendard-Bold.otf in Resources */ = {isa = PBXBuildFile; fileRef = 86E3920B280FC922007D3C04 /* Pretendard-Bold.otf */; };
		86E3920E280FC92B007D3C04 /* Pretendard-Regular.otf in Resources */ = {isa = PBXBuildFile; fileRef = 86E3920D280FC92B007D3C04 /* Pretendard-Regular.otf */; };
		86E39210280FC931007D3C04 /* Pretendard-SemiBold.otf in Resources */ = {isa = PBXBuildFile; fileRef = 86E3920F280FC931007D3C04 /* Pretendard-SemiBold.otf */; };
		86E39212280FC9C6007D3C04 /* Fonts+Generated.swift in Sources */ = {isa = PBXBuildFile; fileRef = 86E39211280FC9C6007D3C04 /* Fonts+Generated.swift */; };
		86E699EC2822628400EA6BC3 /* MomsNaggingAPI.swift in Sources */ = {isa = PBXBuildFile; fileRef = 86E699EB2822628400EA6BC3 /* MomsNaggingAPI.swift */; };
		86E699EE2822632200EA6BC3 /* Moya+NetworkError.swift in Sources */ = {isa = PBXBuildFile; fileRef = 86E699ED2822632100EA6BC3 /* Moya+NetworkError.swift */; };
		86E699F02822641F00EA6BC3 /* MomsNaggingAPI+Task.swift in Sources */ = {isa = PBXBuildFile; fileRef = 86E699EF2822641F00EA6BC3 /* MomsNaggingAPI+Task.swift */; };
		86E699F2282264B600EA6BC3 /* MomsNaggingAPI+Request.swift in Sources */ = {isa = PBXBuildFile; fileRef = 86E699F1282264B600EA6BC3 /* MomsNaggingAPI+Request.swift */; };
		86E699F42822681F00EA6BC3 /* MomsNaggingAPI+BaseURL.swift in Sources */ = {isa = PBXBuildFile; fileRef = 86E699F32822681F00EA6BC3 /* MomsNaggingAPI+BaseURL.swift */; };
		86E699F62822683000EA6BC3 /* MomsNaggingAPI+Method.swift in Sources */ = {isa = PBXBuildFile; fileRef = 86E699F52822683000EA6BC3 /* MomsNaggingAPI+Method.swift */; };
		86E699F828226AC500EA6BC3 /* MomsNaggingAPI+Path.swift in Sources */ = {isa = PBXBuildFile; fileRef = 86E699F728226AC500EA6BC3 /* MomsNaggingAPI+Path.swift */; };
		86E699FD2822724100EA6BC3 /* ModelType.swift in Sources */ = {isa = PBXBuildFile; fileRef = 86E699FC2822724100EA6BC3 /* ModelType.swift */; };
		86E699FF2822727D00EA6BC3 /* UserInfoRequest.swift in Sources */ = {isa = PBXBuildFile; fileRef = 86E699FE2822727D00EA6BC3 /* UserInfoRequest.swift */; };
		86E69A01282272F500EA6BC3 /* UserInfo.swift in Sources */ = {isa = PBXBuildFile; fileRef = 86E69A00282272F500EA6BC3 /* UserInfo.swift */; };
		8F06EC0727D892D900A17FF2 /* AppDelegate.swift in Sources */ = {isa = PBXBuildFile; fileRef = 8F06EC0627D892D900A17FF2 /* AppDelegate.swift */; };
		8F06EC0927D892D900A17FF2 /* SceneDelegate.swift in Sources */ = {isa = PBXBuildFile; fileRef = 8F06EC0827D892D900A17FF2 /* SceneDelegate.swift */; };
		8F06EC1027D892DB00A17FF2 /* Assets.xcassets in Resources */ = {isa = PBXBuildFile; fileRef = 8F06EC0F27D892DB00A17FF2 /* Assets.xcassets */; };
		8F06EC1327D892DB00A17FF2 /* LaunchScreen.storyboard in Resources */ = {isa = PBXBuildFile; fileRef = 8F06EC1127D892DB00A17FF2 /* LaunchScreen.storyboard */; };
		8F1F939F27EC89C0000F08AF /* CalendarView.swift in Sources */ = {isa = PBXBuildFile; fileRef = 8F1F939E27EC89C0000F08AF /* CalendarView.swift */; };
		8F1F93A127EC89D8000F08AF /* CalendarViewModel.swift in Sources */ = {isa = PBXBuildFile; fileRef = 8F1F93A027EC89D8000F08AF /* CalendarViewModel.swift */; };
		8F1F93A327EC8A3C000F08AF /* CalendarModel.swift in Sources */ = {isa = PBXBuildFile; fileRef = 8F1F93A227EC8A3C000F08AF /* CalendarModel.swift */; };
		8F1F93A527EEF2C6000F08AF /* CalendarDayCell.swift in Sources */ = {isa = PBXBuildFile; fileRef = 8F1F93A427EEF2C5000F08AF /* CalendarDayCell.swift */; };
		8F1F93A727EEF2DA000F08AF /* CalendarWeekDayCell.swift in Sources */ = {isa = PBXBuildFile; fileRef = 8F1F93A627EEF2DA000F08AF /* CalendarWeekDayCell.swift */; };
		8F1F93A927EF51B4000F08AF /* Common.swift in Sources */ = {isa = PBXBuildFile; fileRef = 8F1F93A827EF51B4000F08AF /* Common.swift */; };
		8F22F81C281D006700AB4180 /* MainContainerViewModel.swift in Sources */ = {isa = PBXBuildFile; fileRef = 8F22F81B281D006700AB4180 /* MainContainerViewModel.swift */; };
		8F22F82E281D0B1200AB4180 /* HomeModel.swift in Sources */ = {isa = PBXBuildFile; fileRef = 8F22F82D281D0B1200AB4180 /* HomeModel.swift */; };
		8F22F830281D0B1D00AB4180 /* HomeViewModel.swift in Sources */ = {isa = PBXBuildFile; fileRef = 8F22F82F281D0B1D00AB4180 /* HomeViewModel.swift */; };
		8F22F832281D0B2E00AB4180 /* ReportCardViewModel.swift in Sources */ = {isa = PBXBuildFile; fileRef = 8F22F831281D0B2E00AB4180 /* ReportCardViewModel.swift */; };
		8F22F834281D0B3800AB4180 /* ReportCardModel.swift in Sources */ = {isa = PBXBuildFile; fileRef = 8F22F833281D0B3800AB4180 /* ReportCardModel.swift */; };
		8F22F836281D0B4400AB4180 /* MyViewModel.swift in Sources */ = {isa = PBXBuildFile; fileRef = 8F22F835281D0B4400AB4180 /* MyViewModel.swift */; };
		8F22F838281D0B4B00AB4180 /* MyModel.swift in Sources */ = {isa = PBXBuildFile; fileRef = 8F22F837281D0B4B00AB4180 /* MyModel.swift */; };
		8F22F83A281D0B5800AB4180 /* MyView.swift in Sources */ = {isa = PBXBuildFile; fileRef = 8F22F839281D0B5800AB4180 /* MyView.swift */; };
		8F22F83C281D0B9000AB4180 /* ReportCardView.swift in Sources */ = {isa = PBXBuildFile; fileRef = 8F22F83B281D0B9000AB4180 /* ReportCardView.swift */; };
		8F22F83E281D0BB100AB4180 /* HomeView.swift in Sources */ = {isa = PBXBuildFile; fileRef = 8F22F83D281D0BB100AB4180 /* HomeView.swift */; };
		8F82E72F27D8A89F008CDC22 /* CommonView.swift in Sources */ = {isa = PBXBuildFile; fileRef = 8F82E72E27D8A89F008CDC22 /* CommonView.swift */; };
		8F82E73127D8AA9C008CDC22 /* ApiList.swift in Sources */ = {isa = PBXBuildFile; fileRef = 8F82E73027D8AA9C008CDC22 /* ApiList.swift */; };
		8F8D11D62826225300E7DA6C /* FloatingBtn.swift in Sources */ = {isa = PBXBuildFile; fileRef = 8F8D11D52826225300E7DA6C /* FloatingBtn.swift */; };
		8F8D11D9282663B600E7DA6C /* HomeTodoList.swift in Sources */ = {isa = PBXBuildFile; fileRef = 8F8D11D8282663B600E7DA6C /* HomeTodoList.swift */; };
		8F8D11DB282665EE00E7DA6C /* HomeTodoListCell.swift in Sources */ = {isa = PBXBuildFile; fileRef = 8F8D11DA282665EE00E7DA6C /* HomeTodoListCell.swift */; };
		8F8DAE9A27D8948800F2E78F /* Color.xcassets in Resources */ = {isa = PBXBuildFile; fileRef = 8F8DAE9927D8948800F2E78F /* Color.xcassets */; };
		8F927A5B2824D5AC000FFA75 /* DiaryView.swift in Sources */ = {isa = PBXBuildFile; fileRef = 8F927A5A2824D5AC000FFA75 /* DiaryView.swift */; };
		8F927A5E2824D5B9000FFA75 /* DiaryViewModel.swift in Sources */ = {isa = PBXBuildFile; fileRef = 8F927A5D2824D5B9000FFA75 /* DiaryViewModel.swift */; };
		8F927A612824D5C7000FFA75 /* DiaryModel.swift in Sources */ = {isa = PBXBuildFile; fileRef = 8F927A602824D5C7000FFA75 /* DiaryModel.swift */; };
		8F927A632824FF83000FFA75 /* DiaryCalendarCell.swift in Sources */ = {isa = PBXBuildFile; fileRef = 8F927A622824FF83000FFA75 /* DiaryCalendarCell.swift */; };
		8FA68740281CF39400F91EB8 /* MainContainerView.swift in Sources */ = {isa = PBXBuildFile; fileRef = 8FA6873F281CF39400F91EB8 /* MainContainerView.swift */; };
		8FBA8529281D56CB0013C91C /* WeekDayCalendarCell.swift in Sources */ = {isa = PBXBuildFile; fileRef = 8FBA8528281D56CB0013C91C /* WeekDayCalendarCell.swift */; };
		8FBA852C281E4C940013C91C /* HomeCalendarCell.swift in Sources */ = {isa = PBXBuildFile; fileRef = 8FBA852B281E4C940013C91C /* HomeCalendarCell.swift */; };
		A0024DDD2813227800645F25 /* OnboardingItemView.swift in Sources */ = {isa = PBXBuildFile; fileRef = A0024DDC2813227800645F25 /* OnboardingItemView.swift */; };
		A0024DDF281322E100645F25 /* OnboardingItemViewModel.swift in Sources */ = {isa = PBXBuildFile; fileRef = A0024DDE281322E000645F25 /* OnboardingItemViewModel.swift */; };
		A024E050281EA3F600AA60D6 /* CommonButton.swift in Sources */ = {isa = PBXBuildFile; fileRef = A024E04F281EA3F600AA60D6 /* CommonButton.swift */; };
		A0269005283148E0009A40A0 /* CommonSwitch.swift in Sources */ = {isa = PBXBuildFile; fileRef = A0269004283148E0009A40A0 /* CommonSwitch.swift */; };
		A035B0762812A0A100747389 /* StringDefinition.swift in Sources */ = {isa = PBXBuildFile; fileRef = A035B0752812A0A100747389 /* StringDefinition.swift */; };
		A061F0F02823AF1B00F9CC18 /* DetailDiaryView.swift in Sources */ = {isa = PBXBuildFile; fileRef = A061F0EF2823AF1B00F9CC18 /* DetailDiaryView.swift */; };
		A061F0F22823AF3700F9CC18 /* DetailDiaryViewModel.swift in Sources */ = {isa = PBXBuildFile; fileRef = A061F0F12823AF3700F9CC18 /* DetailDiaryViewModel.swift */; };
		A067E592281D93F70017EF53 /* NicknameSettingView.swift in Sources */ = {isa = PBXBuildFile; fileRef = A067E590281D93F70017EF53 /* NicknameSettingView.swift */; };
		A06AB661282644A4006AAD73 /* NicknameSettingViewModel.swift in Sources */ = {isa = PBXBuildFile; fileRef = A067E591281D93F70017EF53 /* NicknameSettingViewModel.swift */; };
		A06BB33927F0BA37005727AD /* BaseViewController.swift in Sources */ = {isa = PBXBuildFile; fileRef = A06BB33827F0BA37005727AD /* BaseViewController.swift */; };
		A06BB33D27F0BA72005727AD /* IntroView.swift in Sources */ = {isa = PBXBuildFile; fileRef = A06BB33C27F0BA72005727AD /* IntroView.swift */; };
		A06BB34127F0BAA3005727AD /* LoginView.swift in Sources */ = {isa = PBXBuildFile; fileRef = A06BB34027F0BAA3005727AD /* LoginView.swift */; };
		A06BB34327F0BABA005727AD /* IntroViewModel.swift in Sources */ = {isa = PBXBuildFile; fileRef = A06BB34227F0BABA005727AD /* IntroViewModel.swift */; };
		A06BB34F27F0C21E005727AD /* OnboardingView.swift in Sources */ = {isa = PBXBuildFile; fileRef = A06BB34E27F0C21E005727AD /* OnboardingView.swift */; };
		A06BB35127F0D18B005727AD /* Navigator.swift in Sources */ = {isa = PBXBuildFile; fileRef = A06BB35027F0D18B005727AD /* Navigator.swift */; };
		A06BB35327F0D1E6005727AD /* OnboardingViewModel.swift in Sources */ = {isa = PBXBuildFile; fileRef = A06BB35227F0D1E6005727AD /* OnboardingViewModel.swift */; };
		A06BB35527F0D216005727AD /* LoginViewModel.swift in Sources */ = {isa = PBXBuildFile; fileRef = A06BB35427F0D216005727AD /* LoginViewModel.swift */; };
		A06BB35827F0E55C005727AD /* UIViewController+Rx.swift in Sources */ = {isa = PBXBuildFile; fileRef = A06BB35727F0E55C005727AD /* UIViewController+Rx.swift */; };
		A06BB35A27F0E982005727AD /* BaseNavigationController.swift in Sources */ = {isa = PBXBuildFile; fileRef = A06BB35927F0E982005727AD /* BaseNavigationController.swift */; };
		A0728E2627DDD4FD0046058D /* GoogleService-Info.plist in Resources */ = {isa = PBXBuildFile; fileRef = A0728E2527DDD4FD0046058D /* GoogleService-Info.plist */; };
		A0A674242813EC6900E0223B /* Onboarding.swift in Sources */ = {isa = PBXBuildFile; fileRef = A0A674232813EC6900E0223B /* Onboarding.swift */; };
		A0A992C0282EB8F8009049CF /* Habit.swift in Sources */ = {isa = PBXBuildFile; fileRef = A0A992BF282EB8F8009049CF /* Habit.swift */; };
		A0A992C2282ECB81009049CF /* CommonBottomSheet.swift in Sources */ = {isa = PBXBuildFile; fileRef = A0A992C1282ECB81009049CF /* CommonBottomSheet.swift */; };
		A0B581AE282797810099C9BA /* RecommendHabitTitleCell.swift in Sources */ = {isa = PBXBuildFile; fileRef = A0B581AD282797810099C9BA /* RecommendHabitTitleCell.swift */; };
		A0B581B02827A0010099C9BA /* BaseCollectionViewCell.swift in Sources */ = {isa = PBXBuildFile; fileRef = A0B581AF2827A0010099C9BA /* BaseCollectionViewCell.swift */; };
		A0B581B42827A4D60099C9BA /* RecommendHabitTitle.swift in Sources */ = {isa = PBXBuildFile; fileRef = A0B581B32827A4D60099C9BA /* RecommendHabitTitle.swift */; };
		A0B581B62827A5780099C9BA /* UIColor+Extension.swift in Sources */ = {isa = PBXBuildFile; fileRef = A0B581B52827A5780099C9BA /* UIColor+Extension.swift */; };
		A0B5C37F27F890BF001EB062 /* BaseViewModel.swift in Sources */ = {isa = PBXBuildFile; fileRef = A0B5C37E27F890BF001EB062 /* BaseViewModel.swift */; };
		A0B6AD90282639D100F02E71 /* AddHabitView.swift in Sources */ = {isa = PBXBuildFile; fileRef = A0B6AD8F282639D100F02E71 /* AddHabitView.swift */; };
		A0B6AD92282639E400F02E71 /* AddHabitViewModel.swift in Sources */ = {isa = PBXBuildFile; fileRef = A0B6AD91282639E400F02E71 /* AddHabitViewModel.swift */; };
		A0BC330A28153A0A00F04B58 /* OnboardingPageView.swift in Sources */ = {isa = PBXBuildFile; fileRef = A0BC330928153A0A00F04B58 /* OnboardingPageView.swift */; };
		A0BC330C28153A5900F04B58 /* BasePageViewController.swift in Sources */ = {isa = PBXBuildFile; fileRef = A0BC330B28153A5900F04B58 /* BasePageViewController.swift */; };
		A0BC330E28153AB800F04B58 /* OnboardingPageViewModel.swift in Sources */ = {isa = PBXBuildFile; fileRef = A0BC330D28153AB800F04B58 /* OnboardingPageViewModel.swift */; };
		A0FB9D0D282E58FA000FED33 /* Array+Extension.swift in Sources */ = {isa = PBXBuildFile; fileRef = A0FB9D0C282E58FA000FED33 /* Array+Extension.swift */; };
/* End PBXBuildFile section */

/* Begin PBXFileReference section */
		2900CA227AEED8ABFD8BD259 /* Pods-momsnagging.release.xcconfig */ = {isa = PBXFileReference; includeInIndex = 1; lastKnownFileType = text.xcconfig; name = "Pods-momsnagging.release.xcconfig"; path = "Target Support Files/Pods-momsnagging/Pods-momsnagging.release.xcconfig"; sourceTree = "<group>"; };
		7976B2BB96C29942DF65316A /* Pods-momsnagging.debug.xcconfig */ = {isa = PBXFileReference; includeInIndex = 1; lastKnownFileType = text.xcconfig; name = "Pods-momsnagging.debug.xcconfig"; path = "Target Support Files/Pods-momsnagging/Pods-momsnagging.debug.xcconfig"; sourceTree = "<group>"; };
		8617642D28111AB400F7B254 /* Observable+Operators.swift */ = {isa = PBXFileReference; lastKnownFileType = sourcecode.swift; path = "Observable+Operators.swift"; sourceTree = "<group>"; };
		8638A551281B7874003D771B /* UITextField+Extension.swift */ = {isa = PBXFileReference; lastKnownFileType = sourcecode.swift; path = "UITextField+Extension.swift"; sourceTree = "<group>"; };
		86523C9F2824FD4A00F243A8 /* DetailHabitView.swift */ = {isa = PBXFileReference; lastKnownFileType = sourcecode.swift; path = DetailHabitView.swift; sourceTree = "<group>"; };
		86523CA12824FD7F00F243A8 /* DetailHabitViewModel.swift */ = {isa = PBXFileReference; lastKnownFileType = sourcecode.swift; path = DetailHabitViewModel.swift; sourceTree = "<group>"; };
		8662F75F282A5891007998CE /* PerformTimeSettingView.swift */ = {isa = PBXFileReference; lastKnownFileType = sourcecode.swift; path = PerformTimeSettingView.swift; sourceTree = "<group>"; };
		8662F761282A5C9B007998CE /* PerformTimeSettingViewModel.swift */ = {isa = PBXFileReference; lastKnownFileType = sourcecode.swift; path = PerformTimeSettingViewModel.swift; sourceTree = "<group>"; };
		8677C733282B469700709F99 /* PerformTimeGuideCell.swift */ = {isa = PBXFileReference; lastKnownFileType = sourcecode.swift; path = PerformTimeGuideCell.swift; sourceTree = "<group>"; };
		8677C735282B70F400709F99 /* LeftAlignedCollectionViewFlowLayout.swift */ = {isa = PBXFileReference; lastKnownFileType = sourcecode.swift; path = LeftAlignedCollectionViewFlowLayout.swift; sourceTree = "<group>"; };
		867C1410281A7602007E5590 /* IDSettingView.swift */ = {isa = PBXFileReference; lastKnownFileType = sourcecode.swift; path = IDSettingView.swift; sourceTree = "<group>"; };
		867C1412281A7615007E5590 /* IDSettingViewModel.swift */ = {isa = PBXFileReference; lastKnownFileType = sourcecode.swift; path = IDSettingViewModel.swift; sourceTree = "<group>"; };
		868A11A3280F8F9F004DAC73 /* Icon.xcassets */ = {isa = PBXFileReference; lastKnownFileType = folder.assetcatalog; path = Icon.xcassets; sourceTree = "<group>"; };
		868A57502828A619004153BB /* CommonTextField.swift */ = {isa = PBXFileReference; lastKnownFileType = sourcecode.swift; path = CommonTextField.swift; sourceTree = "<group>"; };
		868A57522828B70F004153BB /* CommonHintLabel.swift */ = {isa = PBXFileReference; lastKnownFileType = sourcecode.swift; path = CommonHintLabel.swift; sourceTree = "<group>"; };
		868A57552828CC7C004153BB /* CycleCell.swift */ = {isa = PBXFileReference; lastKnownFileType = sourcecode.swift; path = CycleCell.swift; sourceTree = "<group>"; };
		86B36F712817756800655059 /* UIView+Extension.swift */ = {isa = PBXFileReference; lastKnownFileType = sourcecode.swift; path = "UIView+Extension.swift"; sourceTree = "<group>"; };
		86D4BE2627F6835C00E9EE8B /* OSLog+Extension.swift */ = {isa = PBXFileReference; lastKnownFileType = sourcecode.swift; path = "OSLog+Extension.swift"; sourceTree = "<group>"; };
		86D4BE2827F683D700E9EE8B /* OSLog.framework */ = {isa = PBXFileReference; lastKnownFileType = wrapper.framework; name = OSLog.framework; path = System/Library/Frameworks/OSLog.framework; sourceTree = SDKROOT; };
		86D4BE2D27F6BE2000E9EE8B /* User.swift */ = {isa = PBXFileReference; lastKnownFileType = sourcecode.swift; path = User.swift; sourceTree = "<group>"; };
		86E39208280F93E2007D3C04 /* XCAssets+Generated.swift */ = {isa = PBXFileReference; fileEncoding = 4; lastKnownFileType = sourcecode.swift; path = "XCAssets+Generated.swift"; sourceTree = "<group>"; };
		86E3920B280FC922007D3C04 /* Pretendard-Bold.otf */ = {isa = PBXFileReference; lastKnownFileType = file; path = "Pretendard-Bold.otf"; sourceTree = "<group>"; };
		86E3920D280FC92B007D3C04 /* Pretendard-Regular.otf */ = {isa = PBXFileReference; lastKnownFileType = file; path = "Pretendard-Regular.otf"; sourceTree = "<group>"; };
		86E3920F280FC931007D3C04 /* Pretendard-SemiBold.otf */ = {isa = PBXFileReference; lastKnownFileType = file; path = "Pretendard-SemiBold.otf"; sourceTree = "<group>"; };
		86E39211280FC9C6007D3C04 /* Fonts+Generated.swift */ = {isa = PBXFileReference; fileEncoding = 4; lastKnownFileType = sourcecode.swift; path = "Fonts+Generated.swift"; sourceTree = "<group>"; };
		86E699EB2822628400EA6BC3 /* MomsNaggingAPI.swift */ = {isa = PBXFileReference; lastKnownFileType = sourcecode.swift; path = MomsNaggingAPI.swift; sourceTree = "<group>"; };
		86E699ED2822632100EA6BC3 /* Moya+NetworkError.swift */ = {isa = PBXFileReference; lastKnownFileType = sourcecode.swift; path = "Moya+NetworkError.swift"; sourceTree = "<group>"; };
		86E699EF2822641F00EA6BC3 /* MomsNaggingAPI+Task.swift */ = {isa = PBXFileReference; lastKnownFileType = sourcecode.swift; path = "MomsNaggingAPI+Task.swift"; sourceTree = "<group>"; };
		86E699F1282264B600EA6BC3 /* MomsNaggingAPI+Request.swift */ = {isa = PBXFileReference; lastKnownFileType = sourcecode.swift; path = "MomsNaggingAPI+Request.swift"; sourceTree = "<group>"; };
		86E699F32822681F00EA6BC3 /* MomsNaggingAPI+BaseURL.swift */ = {isa = PBXFileReference; lastKnownFileType = sourcecode.swift; path = "MomsNaggingAPI+BaseURL.swift"; sourceTree = "<group>"; };
		86E699F52822683000EA6BC3 /* MomsNaggingAPI+Method.swift */ = {isa = PBXFileReference; lastKnownFileType = sourcecode.swift; path = "MomsNaggingAPI+Method.swift"; sourceTree = "<group>"; };
		86E699F728226AC500EA6BC3 /* MomsNaggingAPI+Path.swift */ = {isa = PBXFileReference; lastKnownFileType = sourcecode.swift; path = "MomsNaggingAPI+Path.swift"; sourceTree = "<group>"; };
		86E699FC2822724100EA6BC3 /* ModelType.swift */ = {isa = PBXFileReference; lastKnownFileType = sourcecode.swift; path = ModelType.swift; sourceTree = "<group>"; };
		86E699FE2822727D00EA6BC3 /* UserInfoRequest.swift */ = {isa = PBXFileReference; lastKnownFileType = sourcecode.swift; path = UserInfoRequest.swift; sourceTree = "<group>"; };
		86E69A00282272F500EA6BC3 /* UserInfo.swift */ = {isa = PBXFileReference; lastKnownFileType = sourcecode.swift; path = UserInfo.swift; sourceTree = "<group>"; };
		8F06EC0327D892D900A17FF2 /* momsnagging.app */ = {isa = PBXFileReference; explicitFileType = wrapper.application; includeInIndex = 0; path = momsnagging.app; sourceTree = BUILT_PRODUCTS_DIR; };
		8F06EC0627D892D900A17FF2 /* AppDelegate.swift */ = {isa = PBXFileReference; lastKnownFileType = sourcecode.swift; path = AppDelegate.swift; sourceTree = "<group>"; };
		8F06EC0827D892D900A17FF2 /* SceneDelegate.swift */ = {isa = PBXFileReference; lastKnownFileType = sourcecode.swift; path = SceneDelegate.swift; sourceTree = "<group>"; };
		8F06EC0F27D892DB00A17FF2 /* Assets.xcassets */ = {isa = PBXFileReference; lastKnownFileType = folder.assetcatalog; path = Assets.xcassets; sourceTree = "<group>"; };
		8F06EC1227D892DB00A17FF2 /* Base */ = {isa = PBXFileReference; lastKnownFileType = file.storyboard; name = Base; path = Base.lproj/LaunchScreen.storyboard; sourceTree = "<group>"; };
		8F06EC1427D892DB00A17FF2 /* Info.plist */ = {isa = PBXFileReference; lastKnownFileType = text.plist.xml; path = Info.plist; sourceTree = "<group>"; };
		8F1F939E27EC89C0000F08AF /* CalendarView.swift */ = {isa = PBXFileReference; lastKnownFileType = sourcecode.swift; path = CalendarView.swift; sourceTree = "<group>"; };
		8F1F93A027EC89D8000F08AF /* CalendarViewModel.swift */ = {isa = PBXFileReference; lastKnownFileType = sourcecode.swift; path = CalendarViewModel.swift; sourceTree = "<group>"; };
		8F1F93A227EC8A3C000F08AF /* CalendarModel.swift */ = {isa = PBXFileReference; lastKnownFileType = sourcecode.swift; path = CalendarModel.swift; sourceTree = "<group>"; };
		8F1F93A427EEF2C5000F08AF /* CalendarDayCell.swift */ = {isa = PBXFileReference; lastKnownFileType = sourcecode.swift; path = CalendarDayCell.swift; sourceTree = "<group>"; };
		8F1F93A627EEF2DA000F08AF /* CalendarWeekDayCell.swift */ = {isa = PBXFileReference; lastKnownFileType = sourcecode.swift; path = CalendarWeekDayCell.swift; sourceTree = "<group>"; };
		8F1F93A827EF51B4000F08AF /* Common.swift */ = {isa = PBXFileReference; lastKnownFileType = sourcecode.swift; path = Common.swift; sourceTree = "<group>"; };
		8F22F81B281D006700AB4180 /* MainContainerViewModel.swift */ = {isa = PBXFileReference; lastKnownFileType = sourcecode.swift; path = MainContainerViewModel.swift; sourceTree = "<group>"; };
		8F22F82D281D0B1200AB4180 /* HomeModel.swift */ = {isa = PBXFileReference; lastKnownFileType = sourcecode.swift; path = HomeModel.swift; sourceTree = "<group>"; };
		8F22F82F281D0B1D00AB4180 /* HomeViewModel.swift */ = {isa = PBXFileReference; lastKnownFileType = sourcecode.swift; path = HomeViewModel.swift; sourceTree = "<group>"; };
		8F22F831281D0B2E00AB4180 /* ReportCardViewModel.swift */ = {isa = PBXFileReference; lastKnownFileType = sourcecode.swift; path = ReportCardViewModel.swift; sourceTree = "<group>"; };
		8F22F833281D0B3800AB4180 /* ReportCardModel.swift */ = {isa = PBXFileReference; lastKnownFileType = sourcecode.swift; path = ReportCardModel.swift; sourceTree = "<group>"; };
		8F22F835281D0B4400AB4180 /* MyViewModel.swift */ = {isa = PBXFileReference; lastKnownFileType = sourcecode.swift; path = MyViewModel.swift; sourceTree = "<group>"; };
		8F22F837281D0B4B00AB4180 /* MyModel.swift */ = {isa = PBXFileReference; lastKnownFileType = sourcecode.swift; path = MyModel.swift; sourceTree = "<group>"; };
		8F22F839281D0B5800AB4180 /* MyView.swift */ = {isa = PBXFileReference; lastKnownFileType = sourcecode.swift; path = MyView.swift; sourceTree = "<group>"; };
		8F22F83B281D0B9000AB4180 /* ReportCardView.swift */ = {isa = PBXFileReference; lastKnownFileType = sourcecode.swift; path = ReportCardView.swift; sourceTree = "<group>"; };
		8F22F83D281D0BB100AB4180 /* HomeView.swift */ = {isa = PBXFileReference; lastKnownFileType = sourcecode.swift; path = HomeView.swift; sourceTree = "<group>"; };
		8F82E72E27D8A89F008CDC22 /* CommonView.swift */ = {isa = PBXFileReference; lastKnownFileType = sourcecode.swift; path = CommonView.swift; sourceTree = "<group>"; };
		8F82E73027D8AA9C008CDC22 /* ApiList.swift */ = {isa = PBXFileReference; lastKnownFileType = sourcecode.swift; path = ApiList.swift; sourceTree = "<group>"; };
		8F8D11D52826225300E7DA6C /* FloatingBtn.swift */ = {isa = PBXFileReference; lastKnownFileType = sourcecode.swift; path = FloatingBtn.swift; sourceTree = "<group>"; };
		8F8D11D8282663B600E7DA6C /* HomeTodoList.swift */ = {isa = PBXFileReference; lastKnownFileType = sourcecode.swift; path = HomeTodoList.swift; sourceTree = "<group>"; };
		8F8D11DA282665EE00E7DA6C /* HomeTodoListCell.swift */ = {isa = PBXFileReference; lastKnownFileType = sourcecode.swift; path = HomeTodoListCell.swift; sourceTree = "<group>"; };
		8F8DAE9927D8948800F2E78F /* Color.xcassets */ = {isa = PBXFileReference; lastKnownFileType = folder.assetcatalog; path = Color.xcassets; sourceTree = "<group>"; };
		8F927A5A2824D5AC000FFA75 /* DiaryView.swift */ = {isa = PBXFileReference; lastKnownFileType = sourcecode.swift; path = DiaryView.swift; sourceTree = "<group>"; };
		8F927A5D2824D5B9000FFA75 /* DiaryViewModel.swift */ = {isa = PBXFileReference; lastKnownFileType = sourcecode.swift; path = DiaryViewModel.swift; sourceTree = "<group>"; };
		8F927A602824D5C7000FFA75 /* DiaryModel.swift */ = {isa = PBXFileReference; lastKnownFileType = sourcecode.swift; path = DiaryModel.swift; sourceTree = "<group>"; };
		8F927A622824FF83000FFA75 /* DiaryCalendarCell.swift */ = {isa = PBXFileReference; lastKnownFileType = sourcecode.swift; path = DiaryCalendarCell.swift; sourceTree = "<group>"; };
		8FA6873F281CF39400F91EB8 /* MainContainerView.swift */ = {isa = PBXFileReference; lastKnownFileType = sourcecode.swift; path = MainContainerView.swift; sourceTree = "<group>"; };
		8FBA8528281D56CB0013C91C /* WeekDayCalendarCell.swift */ = {isa = PBXFileReference; lastKnownFileType = sourcecode.swift; path = WeekDayCalendarCell.swift; sourceTree = "<group>"; };
		8FBA852B281E4C940013C91C /* HomeCalendarCell.swift */ = {isa = PBXFileReference; lastKnownFileType = sourcecode.swift; path = HomeCalendarCell.swift; sourceTree = "<group>"; };
		A0024DDC2813227800645F25 /* OnboardingItemView.swift */ = {isa = PBXFileReference; lastKnownFileType = sourcecode.swift; path = OnboardingItemView.swift; sourceTree = "<group>"; };
		A0024DDE281322E000645F25 /* OnboardingItemViewModel.swift */ = {isa = PBXFileReference; lastKnownFileType = sourcecode.swift; path = OnboardingItemViewModel.swift; sourceTree = "<group>"; };
		A024E04F281EA3F600AA60D6 /* CommonButton.swift */ = {isa = PBXFileReference; lastKnownFileType = sourcecode.swift; path = CommonButton.swift; sourceTree = "<group>"; };
		A0269004283148E0009A40A0 /* CommonSwitch.swift */ = {isa = PBXFileReference; lastKnownFileType = sourcecode.swift; path = CommonSwitch.swift; sourceTree = "<group>"; };
		A035B0752812A0A100747389 /* StringDefinition.swift */ = {isa = PBXFileReference; lastKnownFileType = sourcecode.swift; path = StringDefinition.swift; sourceTree = "<group>"; };
		A040E620281D325C00CC0ABE /* NicknameSettingViewModel.swift */ = {isa = PBXFileReference; lastKnownFileType = sourcecode.swift; name = NicknameSettingViewModel.swift; path = momsnagging/Modules/Login/NicknameSetting/NicknameSettingViewModel.swift; sourceTree = SOURCE_ROOT; };
		A061F0EF2823AF1B00F9CC18 /* DetailDiaryView.swift */ = {isa = PBXFileReference; lastKnownFileType = sourcecode.swift; path = DetailDiaryView.swift; sourceTree = "<group>"; };
		A061F0F12823AF3700F9CC18 /* DetailDiaryViewModel.swift */ = {isa = PBXFileReference; lastKnownFileType = sourcecode.swift; path = DetailDiaryViewModel.swift; sourceTree = "<group>"; };
		A067E590281D93F70017EF53 /* NicknameSettingView.swift */ = {isa = PBXFileReference; fileEncoding = 4; lastKnownFileType = sourcecode.swift; path = NicknameSettingView.swift; sourceTree = "<group>"; };
		A067E591281D93F70017EF53 /* NicknameSettingViewModel.swift */ = {isa = PBXFileReference; fileEncoding = 4; lastKnownFileType = sourcecode.swift; path = NicknameSettingViewModel.swift; sourceTree = "<group>"; };
		A06BB31627F058FA005727AD /* .swiftlint.yml */ = {isa = PBXFileReference; lastKnownFileType = text.yaml; path = .swiftlint.yml; sourceTree = "<group>"; };
		A06BB33827F0BA37005727AD /* BaseViewController.swift */ = {isa = PBXFileReference; lastKnownFileType = sourcecode.swift; path = BaseViewController.swift; sourceTree = "<group>"; };
		A06BB33C27F0BA72005727AD /* IntroView.swift */ = {isa = PBXFileReference; lastKnownFileType = sourcecode.swift; path = IntroView.swift; sourceTree = "<group>"; };
		A06BB34027F0BAA3005727AD /* LoginView.swift */ = {isa = PBXFileReference; lastKnownFileType = sourcecode.swift; path = LoginView.swift; sourceTree = "<group>"; };
		A06BB34227F0BABA005727AD /* IntroViewModel.swift */ = {isa = PBXFileReference; lastKnownFileType = sourcecode.swift; path = IntroViewModel.swift; sourceTree = "<group>"; };
		A06BB34E27F0C21E005727AD /* OnboardingView.swift */ = {isa = PBXFileReference; lastKnownFileType = sourcecode.swift; path = OnboardingView.swift; sourceTree = "<group>"; };
		A06BB35027F0D18B005727AD /* Navigator.swift */ = {isa = PBXFileReference; lastKnownFileType = sourcecode.swift; path = Navigator.swift; sourceTree = "<group>"; };
		A06BB35227F0D1E6005727AD /* OnboardingViewModel.swift */ = {isa = PBXFileReference; lastKnownFileType = sourcecode.swift; path = OnboardingViewModel.swift; sourceTree = "<group>"; };
		A06BB35427F0D216005727AD /* LoginViewModel.swift */ = {isa = PBXFileReference; lastKnownFileType = sourcecode.swift; path = LoginViewModel.swift; sourceTree = "<group>"; };
		A06BB35727F0E55C005727AD /* UIViewController+Rx.swift */ = {isa = PBXFileReference; lastKnownFileType = sourcecode.swift; path = "UIViewController+Rx.swift"; sourceTree = "<group>"; };
		A06BB35927F0E982005727AD /* BaseNavigationController.swift */ = {isa = PBXFileReference; lastKnownFileType = sourcecode.swift; path = BaseNavigationController.swift; sourceTree = "<group>"; };
		A0728E2527DDD4FD0046058D /* GoogleService-Info.plist */ = {isa = PBXFileReference; fileEncoding = 4; lastKnownFileType = text.plist.xml; path = "GoogleService-Info.plist"; sourceTree = "<group>"; };
		A0728E2727DDD6F90046058D /* GoogleService-Info.plist */ = {isa = PBXFileReference; fileEncoding = 4; lastKnownFileType = text.plist.xml; path = "GoogleService-Info.plist"; sourceTree = "<group>"; };
		A0A674232813EC6900E0223B /* Onboarding.swift */ = {isa = PBXFileReference; lastKnownFileType = sourcecode.swift; path = Onboarding.swift; sourceTree = "<group>"; };
		A0A992BF282EB8F8009049CF /* Habit.swift */ = {isa = PBXFileReference; lastKnownFileType = sourcecode.swift; path = Habit.swift; sourceTree = "<group>"; };
		A0A992C1282ECB81009049CF /* CommonBottomSheet.swift */ = {isa = PBXFileReference; lastKnownFileType = sourcecode.swift; path = CommonBottomSheet.swift; sourceTree = "<group>"; };
		A0B581AD282797810099C9BA /* RecommendHabitTitleCell.swift */ = {isa = PBXFileReference; lastKnownFileType = sourcecode.swift; path = RecommendHabitTitleCell.swift; sourceTree = "<group>"; };
		A0B581AF2827A0010099C9BA /* BaseCollectionViewCell.swift */ = {isa = PBXFileReference; lastKnownFileType = sourcecode.swift; path = BaseCollectionViewCell.swift; sourceTree = "<group>"; };
		A0B581B32827A4D60099C9BA /* RecommendHabitTitle.swift */ = {isa = PBXFileReference; lastKnownFileType = sourcecode.swift; path = RecommendHabitTitle.swift; sourceTree = "<group>"; };
		A0B581B52827A5780099C9BA /* UIColor+Extension.swift */ = {isa = PBXFileReference; lastKnownFileType = sourcecode.swift; path = "UIColor+Extension.swift"; sourceTree = "<group>"; };
		A0B5C37E27F890BF001EB062 /* BaseViewModel.swift */ = {isa = PBXFileReference; lastKnownFileType = sourcecode.swift; path = BaseViewModel.swift; sourceTree = "<group>"; };
		A0B6AD8F282639D100F02E71 /* AddHabitView.swift */ = {isa = PBXFileReference; lastKnownFileType = sourcecode.swift; path = AddHabitView.swift; sourceTree = "<group>"; };
		A0B6AD91282639E400F02E71 /* AddHabitViewModel.swift */ = {isa = PBXFileReference; lastKnownFileType = sourcecode.swift; path = AddHabitViewModel.swift; sourceTree = "<group>"; };
		A0BC330928153A0A00F04B58 /* OnboardingPageView.swift */ = {isa = PBXFileReference; lastKnownFileType = sourcecode.swift; path = OnboardingPageView.swift; sourceTree = "<group>"; };
		A0BC330B28153A5900F04B58 /* BasePageViewController.swift */ = {isa = PBXFileReference; lastKnownFileType = sourcecode.swift; path = BasePageViewController.swift; sourceTree = "<group>"; };
		A0BC330D28153AB800F04B58 /* OnboardingPageViewModel.swift */ = {isa = PBXFileReference; lastKnownFileType = sourcecode.swift; path = OnboardingPageViewModel.swift; sourceTree = "<group>"; };
		A0FB9D0C282E58FA000FED33 /* Array+Extension.swift */ = {isa = PBXFileReference; lastKnownFileType = sourcecode.swift; path = "Array+Extension.swift"; sourceTree = "<group>"; };
		EFA57B18FDC67682950AC19E /* Pods_momsnagging.framework */ = {isa = PBXFileReference; explicitFileType = wrapper.framework; includeInIndex = 0; path = Pods_momsnagging.framework; sourceTree = BUILT_PRODUCTS_DIR; };
/* End PBXFileReference section */

/* Begin PBXFrameworksBuildPhase section */
		8F06EC0027D892D900A17FF2 /* Frameworks */ = {
			isa = PBXFrameworksBuildPhase;
			buildActionMask = 2147483647;
			files = (
				86D4BE2927F683D700E9EE8B /* OSLog.framework in Frameworks */,
				78423E9A816288D6BC1EF082 /* Pods_momsnagging.framework in Frameworks */,
			);
			runOnlyForDeploymentPostprocessing = 0;
		};
/* End PBXFrameworksBuildPhase section */

/* Begin PBXGroup section */
		3022C1F3C21435DC7A457ECC /* Pods */ = {
			isa = PBXGroup;
			children = (
				7976B2BB96C29942DF65316A /* Pods-momsnagging.debug.xcconfig */,
				2900CA227AEED8ABFD8BD259 /* Pods-momsnagging.release.xcconfig */,
			);
			path = Pods;
			sourceTree = "<group>";
		};
		8617642C28111A9A00F7B254 /* Rx */ = {
			isa = PBXGroup;
			children = (
				A06BB35727F0E55C005727AD /* UIViewController+Rx.swift */,
				8617642D28111AB400F7B254 /* Observable+Operators.swift */,
			);
			path = Rx;
			sourceTree = "<group>";
		};
		86523C9E2824F44C00F243A8 /* Habit */ = {
			isa = PBXGroup;
			children = (
				A0B6AD8D2826392800F02E71 /* View */,
				A0B6AD8E2826392C00F02E71 /* ViewModel */,
			);
			path = Habit;
			sourceTree = "<group>";
		};
		868A57542828CC56004153BB /* Cell */ = {
			isa = PBXGroup;
			children = (
				A0B581AD282797810099C9BA /* RecommendHabitTitleCell.swift */,
				868A57552828CC7C004153BB /* CycleCell.swift */,
				8677C733282B469700709F99 /* PerformTimeGuideCell.swift */,
			);
			path = Cell;
			sourceTree = "<group>";
		};
		86BD71BC280EAF270038200E /* Networking */ = {
			isa = PBXGroup;
			children = (
				86E699FA28226ED700EA6BC3 /* Moya */,
				86E699F928226C6300EA6BC3 /* API */,
				8F82E73027D8AA9C008CDC22 /* ApiList.swift */,
			);
			path = Networking;
			sourceTree = "<group>";
		};
		86BD71BD280EAF840038200E /* Application */ = {
			isa = PBXGroup;
			children = (
				A06BB35027F0D18B005727AD /* Navigator.swift */,
				8F06EC0627D892D900A17FF2 /* AppDelegate.swift */,
				8F06EC0827D892D900A17FF2 /* SceneDelegate.swift */,
			);
			path = Application;
			sourceTree = "<group>";
		};
		86BD71BE280EB0E50038200E /* UI */ = {
			isa = PBXGroup;
			children = (
				8F82E72E27D8A89F008CDC22 /* CommonView.swift */,
				A024E04F281EA3F600AA60D6 /* CommonButton.swift */,
				868A57502828A619004153BB /* CommonTextField.swift */,
				868A57522828B70F004153BB /* CommonHintLabel.swift */,
				8677C735282B70F400709F99 /* LeftAlignedCollectionViewFlowLayout.swift */,
				A0269004283148E0009A40A0 /* CommonSwitch.swift */,
				A0A992C1282ECB81009049CF /* CommonBottomSheet.swift */,
			);
			path = UI;
			sourceTree = "<group>";
		};
		86D4BE2C27F6BE1100E9EE8B /* Models */ = {
			isa = PBXGroup;
			children = (
				86E699FB2822722E00EA6BC3 /* Request */,
				86E69A00282272F500EA6BC3 /* UserInfo.swift */,
				86D4BE2D27F6BE2000E9EE8B /* User.swift */,
				A0A674232813EC6900E0223B /* Onboarding.swift */,
				86E699FC2822724100EA6BC3 /* ModelType.swift */,
				A0B581B32827A4D60099C9BA /* RecommendHabitTitle.swift */,
				A0A992BF282EB8F8009049CF /* Habit.swift */,
			);
			path = Models;
			sourceTree = "<group>";
		};
		86E3920A280FC910007D3C04 /* Font */ = {
			isa = PBXGroup;
			children = (
				86E3920F280FC931007D3C04 /* Pretendard-SemiBold.otf */,
				86E3920D280FC92B007D3C04 /* Pretendard-Regular.otf */,
				86E3920B280FC922007D3C04 /* Pretendard-Bold.otf */,
			);
			path = Font;
			sourceTree = "<group>";
		};
		86E699F928226C6300EA6BC3 /* API */ = {
			isa = PBXGroup;
			children = (
				86E699EB2822628400EA6BC3 /* MomsNaggingAPI.swift */,
				86E699F1282264B600EA6BC3 /* MomsNaggingAPI+Request.swift */,
				86E699F32822681F00EA6BC3 /* MomsNaggingAPI+BaseURL.swift */,
				86E699F728226AC500EA6BC3 /* MomsNaggingAPI+Path.swift */,
				86E699F52822683000EA6BC3 /* MomsNaggingAPI+Method.swift */,
				86E699EF2822641F00EA6BC3 /* MomsNaggingAPI+Task.swift */,
			);
			path = API;
			sourceTree = "<group>";
		};
		86E699FA28226ED700EA6BC3 /* Moya */ = {
			isa = PBXGroup;
			children = (
				86E699ED2822632100EA6BC3 /* Moya+NetworkError.swift */,
			);
			path = Moya;
			sourceTree = "<group>";
		};
		86E699FB2822722E00EA6BC3 /* Request */ = {
			isa = PBXGroup;
			children = (
				86E699FE2822727D00EA6BC3 /* UserInfoRequest.swift */,
			);
			path = Request;
			sourceTree = "<group>";
		};
		8F06EBFA27D892D900A17FF2 = {
			isa = PBXGroup;
			children = (
				A06BB31627F058FA005727AD /* .swiftlint.yml */,
				8F06EC0527D892D900A17FF2 /* momsnagging */,
				8F06EC0427D892D900A17FF2 /* Products */,
				3022C1F3C21435DC7A457ECC /* Pods */,
				E2B7BEA15ACF83AA558CED4E /* Frameworks */,
				A067E589281D92360017EF53 /* Recovered References */,
			);
			sourceTree = "<group>";
		};
		8F06EC0427D892D900A17FF2 /* Products */ = {
			isa = PBXGroup;
			children = (
				8F06EC0327D892D900A17FF2 /* momsnagging.app */,
			);
			name = Products;
			sourceTree = "<group>";
		};
		8F06EC0527D892D900A17FF2 /* momsnagging */ = {
			isa = PBXGroup;
			children = (
				86BD71BD280EAF840038200E /* Application */,
				8F8DAE9727D8944F00F2E78F /* Common */,
				86D4BE2C27F6BE1100E9EE8B /* Models */,
				A06BB33B27F0BA5E005727AD /* Modules */,
				86BD71BC280EAF270038200E /* Networking */,
				8F8DAEA427D8954D00F2E78F /* FBConfig */,
				8F8DAE9827D8945300F2E78F /* Resources */,
			);
			path = momsnagging;
			sourceTree = "<group>";
		};
		8F1F939A27EC8975000F08AF /* Calendar */ = {
			isa = PBXGroup;
			children = (
				8F1F939D27EC89A9000F08AF /* Model */,
				8F1F939C27EC89A7000F08AF /* View */,
				8F1F939B27EC899E000F08AF /* ViewModel */,
			);
			path = Calendar;
			sourceTree = "<group>";
		};
		8F1F939B27EC899E000F08AF /* ViewModel */ = {
			isa = PBXGroup;
			children = (
				8F1F93A027EC89D8000F08AF /* CalendarViewModel.swift */,
			);
			path = ViewModel;
			sourceTree = "<group>";
		};
		8F1F939C27EC89A7000F08AF /* View */ = {
			isa = PBXGroup;
			children = (
				8F1F939E27EC89C0000F08AF /* CalendarView.swift */,
				8F1F93A427EEF2C5000F08AF /* CalendarDayCell.swift */,
				8F1F93A627EEF2DA000F08AF /* CalendarWeekDayCell.swift */,
				8FBA8528281D56CB0013C91C /* WeekDayCalendarCell.swift */,
				8FBA852B281E4C940013C91C /* HomeCalendarCell.swift */,
			);
			path = View;
			sourceTree = "<group>";
		};
		8F1F939D27EC89A9000F08AF /* Model */ = {
			isa = PBXGroup;
			children = (
				8F1F93A227EC8A3C000F08AF /* CalendarModel.swift */,
			);
			path = Model;
			sourceTree = "<group>";
		};
		8F22F81D281D08E600AB4180 /* Home */ = {
			isa = PBXGroup;
			children = (
				8F22F820281D0A2000AB4180 /* Model */,
				8F22F81F281D0A1E00AB4180 /* View */,
				8F22F81E281D0A1900AB4180 /* ViewModel */,
			);
			path = Home;
			sourceTree = "<group>";
		};
		8F22F81E281D0A1900AB4180 /* ViewModel */ = {
			isa = PBXGroup;
			children = (
				8F22F82F281D0B1D00AB4180 /* HomeViewModel.swift */,
			);
			path = ViewModel;
			sourceTree = "<group>";
		};
		8F22F81F281D0A1E00AB4180 /* View */ = {
			isa = PBXGroup;
			children = (
				8F22F83D281D0BB100AB4180 /* HomeView.swift */,
				8F8D11DA282665EE00E7DA6C /* HomeTodoListCell.swift */,
				8F8D11D52826225300E7DA6C /* FloatingBtn.swift */,
				8F8D11D8282663B600E7DA6C /* HomeTodoList.swift */,
			);
			path = View;
			sourceTree = "<group>";
		};
		8F22F820281D0A2000AB4180 /* Model */ = {
			isa = PBXGroup;
			children = (
				8F22F82D281D0B1200AB4180 /* HomeModel.swift */,
			);
			path = Model;
			sourceTree = "<group>";
		};
		8F22F822281D0A2C00AB4180 /* My */ = {
			isa = PBXGroup;
			children = (
				8F22F829281D0A8200AB4180 /* Model */,
				8F22F828281D0A7F00AB4180 /* View */,
				8F22F827281D0A7800AB4180 /* ViewModel */,
			);
			path = My;
			sourceTree = "<group>";
		};
		8F22F823281D0A4E00AB4180 /* ReportCard */ = {
			isa = PBXGroup;
			children = (
				8F22F826281D0A6C00AB4180 /* Model */,
				8F22F825281D0A6900AB4180 /* View */,
				8F22F824281D0A6600AB4180 /* ViewModel */,
			);
			path = ReportCard;
			sourceTree = "<group>";
		};
		8F22F824281D0A6600AB4180 /* ViewModel */ = {
			isa = PBXGroup;
			children = (
				8F22F831281D0B2E00AB4180 /* ReportCardViewModel.swift */,
			);
			path = ViewModel;
			sourceTree = "<group>";
		};
		8F22F825281D0A6900AB4180 /* View */ = {
			isa = PBXGroup;
			children = (
				8F22F83B281D0B9000AB4180 /* ReportCardView.swift */,
			);
			path = View;
			sourceTree = "<group>";
		};
		8F22F826281D0A6C00AB4180 /* Model */ = {
			isa = PBXGroup;
			children = (
				8F22F833281D0B3800AB4180 /* ReportCardModel.swift */,
			);
			path = Model;
			sourceTree = "<group>";
		};
		8F22F827281D0A7800AB4180 /* ViewModel */ = {
			isa = PBXGroup;
			children = (
				8F22F835281D0B4400AB4180 /* MyViewModel.swift */,
			);
			path = ViewModel;
			sourceTree = "<group>";
		};
		8F22F828281D0A7F00AB4180 /* View */ = {
			isa = PBXGroup;
			children = (
				8F22F839281D0B5800AB4180 /* MyView.swift */,
			);
			path = View;
			sourceTree = "<group>";
		};
		8F22F829281D0A8200AB4180 /* Model */ = {
			isa = PBXGroup;
			children = (
				8F22F837281D0B4B00AB4180 /* MyModel.swift */,
			);
			path = Model;
			sourceTree = "<group>";
		};
		8F22F82A281D0AEA00AB4180 /* ViewModel */ = {
			isa = PBXGroup;
			children = (
				8F22F81B281D006700AB4180 /* MainContainerViewModel.swift */,
			);
			path = ViewModel;
			sourceTree = "<group>";
		};
		8F22F82B281D0AEF00AB4180 /* View */ = {
			isa = PBXGroup;
			children = (
				8FA6873F281CF39400F91EB8 /* MainContainerView.swift */,
			);
			path = View;
			sourceTree = "<group>";
		};
		8F6BCB2627D89E840038B020 /* Release */ = {
			isa = PBXGroup;
			children = (
				A0728E2527DDD4FD0046058D /* GoogleService-Info.plist */,
			);
			path = Release;
			sourceTree = "<group>";
		};
		8F6BCB2727D89E8A0038B020 /* Debug */ = {
			isa = PBXGroup;
			children = (
				A0728E2727DDD6F90046058D /* GoogleService-Info.plist */,
			);
			path = Debug;
			sourceTree = "<group>";
		};
		8F8DAE9727D8944F00F2E78F /* Common */ = {
			isa = PBXGroup;
			children = (
				A035B0752812A0A100747389 /* StringDefinition.swift */,
				8F1F93A827EF51B4000F08AF /* Common.swift */,
				86BD71BE280EB0E50038200E /* UI */,
				A06BB33727F0BA1F005727AD /* Base */,
				A06BB35627F0E53B005727AD /* Extensions */,
			);
			path = Common;
			sourceTree = "<group>";
		};
		8F8DAE9827D8945300F2E78F /* Resources */ = {
			isa = PBXGroup;
			children = (
				86E3920A280FC910007D3C04 /* Font */,
				86E39211280FC9C6007D3C04 /* Fonts+Generated.swift */,
				86E39208280F93E2007D3C04 /* XCAssets+Generated.swift */,
				8F06EC1427D892DB00A17FF2 /* Info.plist */,
				8F06EC0F27D892DB00A17FF2 /* Assets.xcassets */,
				8F8DAE9927D8948800F2E78F /* Color.xcassets */,
				868A11A3280F8F9F004DAC73 /* Icon.xcassets */,
			);
			path = Resources;
			sourceTree = "<group>";
		};
		8F8DAEA427D8954D00F2E78F /* FBConfig */ = {
			isa = PBXGroup;
			children = (
				8F6BCB2627D89E840038B020 /* Release */,
				8F6BCB2727D89E8A0038B020 /* Debug */,
			);
			path = FBConfig;
			sourceTree = "<group>";
		};
		8F927A552824D52A000FFA75 /* Diary */ = {
			isa = PBXGroup;
			children = (
				8F927A572824D536000FFA75 /* View */,
				8F927A562824D531000FFA75 /* ViewModel */,
				8F927A582824D539000FFA75 /* Model */,
			);
			path = Diary;
			sourceTree = "<group>";
		};
		8F927A562824D531000FFA75 /* ViewModel */ = {
			isa = PBXGroup;
			children = (
				8F927A5D2824D5B9000FFA75 /* DiaryViewModel.swift */,
				A061F0F12823AF3700F9CC18 /* DetailDiaryViewModel.swift */,
			);
			path = ViewModel;
			sourceTree = "<group>";
		};
		8F927A572824D536000FFA75 /* View */ = {
			isa = PBXGroup;
			children = (
				8F927A5A2824D5AC000FFA75 /* DiaryView.swift */,
				A061F0EF2823AF1B00F9CC18 /* DetailDiaryView.swift */,
				8F927A622824FF83000FFA75 /* DiaryCalendarCell.swift */,
			);
			path = View;
			sourceTree = "<group>";
		};
		8F927A582824D539000FFA75 /* Model */ = {
			isa = PBXGroup;
			children = (
				8F927A602824D5C7000FFA75 /* DiaryModel.swift */,
			);
			path = Model;
			sourceTree = "<group>";
		};
		8FA6873E281CEDA900F91EB8 /* MainContainer */ = {
			isa = PBXGroup;
			children = (
				8F22F82B281D0AEF00AB4180 /* View */,
				8F22F82A281D0AEA00AB4180 /* ViewModel */,
			);
			path = MainContainer;
			sourceTree = "<group>";
		};
		A067E589281D92360017EF53 /* Recovered References */ = {
			isa = PBXGroup;
			children = (
				A040E620281D325C00CC0ABE /* NicknameSettingViewModel.swift */,
			);
			name = "Recovered References";
			sourceTree = "<group>";
		};
		A06BB33727F0BA1F005727AD /* Base */ = {
			isa = PBXGroup;
			children = (
				A06BB33827F0BA37005727AD /* BaseViewController.swift */,
				A06BB35927F0E982005727AD /* BaseNavigationController.swift */,
				A0B5C37E27F890BF001EB062 /* BaseViewModel.swift */,
				A0BC330B28153A5900F04B58 /* BasePageViewController.swift */,
				A0B581AF2827A0010099C9BA /* BaseCollectionViewCell.swift */,
			);
			path = Base;
			sourceTree = "<group>";
		};
		A06BB33B27F0BA5E005727AD /* Modules */ = {
			isa = PBXGroup;
			children = (
				A06BB33E27F0BA74005727AD /* Intro */,
				A06BB34D27F0C20D005727AD /* Onboarding */,
				A06BB33F27F0BA92005727AD /* Login */,
				A0B6AD87282638CE00F02E71 /* Join */,
				8FA6873E281CEDA900F91EB8 /* MainContainer */,
				8F22F81D281D08E600AB4180 /* Home */,
				8F22F823281D0A4E00AB4180 /* ReportCard */,
				86523C9E2824F44C00F243A8 /* Habit */,
				8F1F939A27EC8975000F08AF /* Calendar */,
				8F22F822281D0A2C00AB4180 /* My */,
				8F927A552824D52A000FFA75 /* Diary */,
			);
			path = Modules;
			sourceTree = "<group>";
		};
		A06BB33E27F0BA74005727AD /* Intro */ = {
			isa = PBXGroup;
			children = (
				A0B6AD812826388B00F02E71 /* View */,
				A0B6AD822826389100F02E71 /* ViewModel */,
			);
			path = Intro;
			sourceTree = "<group>";
		};
		A06BB33F27F0BA92005727AD /* Login */ = {
			isa = PBXGroup;
			children = (
				A0B6AD85282638B200F02E71 /* View */,
				A0B6AD86282638BC00F02E71 /* ViewModel */,
			);
			path = Login;
			sourceTree = "<group>";
		};
		A06BB34D27F0C20D005727AD /* Onboarding */ = {
			isa = PBXGroup;
			children = (
				A0B6AD83282638A000F02E71 /* View */,
				A0B6AD84282638A800F02E71 /* ViewModel */,
			);
			path = Onboarding;
			sourceTree = "<group>";
		};
		A06BB35627F0E53B005727AD /* Extensions */ = {
			isa = PBXGroup;
			children = (
				8617642C28111A9A00F7B254 /* Rx */,
				86D4BE2627F6835C00E9EE8B /* OSLog+Extension.swift */,
				86B36F712817756800655059 /* UIView+Extension.swift */,
				8638A551281B7874003D771B /* UITextField+Extension.swift */,
				A0B581B52827A5780099C9BA /* UIColor+Extension.swift */,
				A0FB9D0C282E58FA000FED33 /* Array+Extension.swift */,
			);
			path = Extensions;
			sourceTree = "<group>";
		};
		A0B6AD812826388B00F02E71 /* View */ = {
			isa = PBXGroup;
			children = (
				8F06EC1127D892DB00A17FF2 /* LaunchScreen.storyboard */,
				A06BB33C27F0BA72005727AD /* IntroView.swift */,
			);
			path = View;
			sourceTree = "<group>";
		};
		A0B6AD822826389100F02E71 /* ViewModel */ = {
			isa = PBXGroup;
			children = (
				A06BB34227F0BABA005727AD /* IntroViewModel.swift */,
			);
			path = ViewModel;
			sourceTree = "<group>";
		};
		A0B6AD83282638A000F02E71 /* View */ = {
			isa = PBXGroup;
			children = (
				A06BB34E27F0C21E005727AD /* OnboardingView.swift */,
				A0BC330928153A0A00F04B58 /* OnboardingPageView.swift */,
				A0024DDC2813227800645F25 /* OnboardingItemView.swift */,
			);
			path = View;
			sourceTree = "<group>";
		};
		A0B6AD84282638A800F02E71 /* ViewModel */ = {
			isa = PBXGroup;
			children = (
				A06BB35227F0D1E6005727AD /* OnboardingViewModel.swift */,
				A0BC330D28153AB800F04B58 /* OnboardingPageViewModel.swift */,
				A0024DDE281322E000645F25 /* OnboardingItemViewModel.swift */,
			);
			path = ViewModel;
			sourceTree = "<group>";
		};
		A0B6AD85282638B200F02E71 /* View */ = {
			isa = PBXGroup;
			children = (
				A06BB34027F0BAA3005727AD /* LoginView.swift */,
			);
			path = View;
			sourceTree = "<group>";
		};
		A0B6AD86282638BC00F02E71 /* ViewModel */ = {
			isa = PBXGroup;
			children = (
				A06BB35427F0D216005727AD /* LoginViewModel.swift */,
			);
			path = ViewModel;
			sourceTree = "<group>";
		};
		A0B6AD87282638CE00F02E71 /* Join */ = {
			isa = PBXGroup;
			children = (
				A0B6AD88282638D500F02E71 /* View */,
				A0B6AD89282638D800F02E71 /* ViewModel */,
			);
			path = Join;
			sourceTree = "<group>";
		};
		A0B6AD88282638D500F02E71 /* View */ = {
			isa = PBXGroup;
			children = (
				867C1410281A7602007E5590 /* IDSettingView.swift */,
				A067E590281D93F70017EF53 /* NicknameSettingView.swift */,
			);
			path = View;
			sourceTree = "<group>";
		};
		A0B6AD89282638D800F02E71 /* ViewModel */ = {
			isa = PBXGroup;
			children = (
				867C1412281A7615007E5590 /* IDSettingViewModel.swift */,
				A067E591281D93F70017EF53 /* NicknameSettingViewModel.swift */,
			);
			path = ViewModel;
			sourceTree = "<group>";
		};
		A0B6AD8D2826392800F02E71 /* View */ = {
			isa = PBXGroup;
			children = (
				868A57542828CC56004153BB /* Cell */,
				A0B6AD8F282639D100F02E71 /* AddHabitView.swift */,
				86523C9F2824FD4A00F243A8 /* DetailHabitView.swift */,
				8662F75F282A5891007998CE /* PerformTimeSettingView.swift */,
			);
			path = View;
			sourceTree = "<group>";
		};
		A0B6AD8E2826392C00F02E71 /* ViewModel */ = {
			isa = PBXGroup;
			children = (
				A0B6AD91282639E400F02E71 /* AddHabitViewModel.swift */,
				86523CA12824FD7F00F243A8 /* DetailHabitViewModel.swift */,
				8662F761282A5C9B007998CE /* PerformTimeSettingViewModel.swift */,
			);
			path = ViewModel;
			sourceTree = "<group>";
		};
		E2B7BEA15ACF83AA558CED4E /* Frameworks */ = {
			isa = PBXGroup;
			children = (
				86D4BE2827F683D700E9EE8B /* OSLog.framework */,
				EFA57B18FDC67682950AC19E /* Pods_momsnagging.framework */,
			);
			name = Frameworks;
			sourceTree = "<group>";
		};
/* End PBXGroup section */

/* Begin PBXNativeTarget section */
		8F06EC0227D892D900A17FF2 /* momsnagging */ = {
			isa = PBXNativeTarget;
			buildConfigurationList = 8F06EC1727D892DB00A17FF2 /* Build configuration list for PBXNativeTarget "momsnagging" */;
			buildPhases = (
				4301286D6BFFD4E020662A8A /* [CP] Check Pods Manifest.lock */,
				A06BB31527F058AC005727AD /* SwiftLint Script */,
				8F06EBFF27D892D900A17FF2 /* Sources */,
				8F06EC0027D892D900A17FF2 /* Frameworks */,
				8F06EC0127D892D900A17FF2 /* Resources */,
				44DF14DD82400B7789E2EE16 /* [CP] Embed Pods Frameworks */,
				A0728E2927DDD9F80046058D /* Firebase Script */,
				A06F805E27DDFCEB00F13BFD /* Crashlytics Script */,
				868A11A5280F9047004DAC73 /* SwiftGen Script */,
			);
			buildRules = (
			);
			dependencies = (
			);
			name = momsnagging;
			productName = momsnagging;
			productReference = 8F06EC0327D892D900A17FF2 /* momsnagging.app */;
			productType = "com.apple.product-type.application";
		};
/* End PBXNativeTarget section */

/* Begin PBXProject section */
		8F06EBFB27D892D900A17FF2 /* Project object */ = {
			isa = PBXProject;
			attributes = {
				BuildIndependentTargetsInParallel = 1;
				LastSwiftUpdateCheck = 1310;
				LastUpgradeCheck = 1310;
				TargetAttributes = {
					8F06EC0227D892D900A17FF2 = {
						CreatedOnToolsVersion = 13.1;
					};
				};
			};
			buildConfigurationList = 8F06EBFE27D892D900A17FF2 /* Build configuration list for PBXProject "momsnagging" */;
			compatibilityVersion = "Xcode 13.0";
			developmentRegion = en;
			hasScannedForEncodings = 0;
			knownRegions = (
				en,
				Base,
			);
			mainGroup = 8F06EBFA27D892D900A17FF2;
			productRefGroup = 8F06EC0427D892D900A17FF2 /* Products */;
			projectDirPath = "";
			projectRoot = "";
			targets = (
				8F06EC0227D892D900A17FF2 /* momsnagging */,
			);
		};
/* End PBXProject section */

/* Begin PBXResourcesBuildPhase section */
		8F06EC0127D892D900A17FF2 /* Resources */ = {
			isa = PBXResourcesBuildPhase;
			buildActionMask = 2147483647;
			files = (
				8F06EC1327D892DB00A17FF2 /* LaunchScreen.storyboard in Resources */,
				86E3920C280FC923007D3C04 /* Pretendard-Bold.otf in Resources */,
				8F8DAE9A27D8948800F2E78F /* Color.xcassets in Resources */,
				86E39210280FC931007D3C04 /* Pretendard-SemiBold.otf in Resources */,
				A0728E2627DDD4FD0046058D /* GoogleService-Info.plist in Resources */,
				86E3920E280FC92B007D3C04 /* Pretendard-Regular.otf in Resources */,
				8F06EC1027D892DB00A17FF2 /* Assets.xcassets in Resources */,
				868A11A4280F8F9F004DAC73 /* Icon.xcassets in Resources */,
			);
			runOnlyForDeploymentPostprocessing = 0;
		};
/* End PBXResourcesBuildPhase section */

/* Begin PBXShellScriptBuildPhase section */
		4301286D6BFFD4E020662A8A /* [CP] Check Pods Manifest.lock */ = {
			isa = PBXShellScriptBuildPhase;
			buildActionMask = 2147483647;
			files = (
			);
			inputFileListPaths = (
			);
			inputPaths = (
				"${PODS_PODFILE_DIR_PATH}/Podfile.lock",
				"${PODS_ROOT}/Manifest.lock",
			);
			name = "[CP] Check Pods Manifest.lock";
			outputFileListPaths = (
			);
			outputPaths = (
				"$(DERIVED_FILE_DIR)/Pods-momsnagging-checkManifestLockResult.txt",
			);
			runOnlyForDeploymentPostprocessing = 0;
			shellPath = /bin/sh;
			shellScript = "diff \"${PODS_PODFILE_DIR_PATH}/Podfile.lock\" \"${PODS_ROOT}/Manifest.lock\" > /dev/null\nif [ $? != 0 ] ; then\n    # print error to STDERR\n    echo \"error: The sandbox is not in sync with the Podfile.lock. Run 'pod install' or update your CocoaPods installation.\" >&2\n    exit 1\nfi\n# This output is used by Xcode 'outputs' to avoid re-running this script phase.\necho \"SUCCESS\" > \"${SCRIPT_OUTPUT_FILE_0}\"\n";
			showEnvVarsInLog = 0;
		};
		44DF14DD82400B7789E2EE16 /* [CP] Embed Pods Frameworks */ = {
			isa = PBXShellScriptBuildPhase;
			buildActionMask = 2147483647;
			files = (
			);
			inputFileListPaths = (
				"${PODS_ROOT}/Target Support Files/Pods-momsnagging/Pods-momsnagging-frameworks-${CONFIGURATION}-input-files.xcfilelist",
			);
			name = "[CP] Embed Pods Frameworks";
			outputFileListPaths = (
				"${PODS_ROOT}/Target Support Files/Pods-momsnagging/Pods-momsnagging-frameworks-${CONFIGURATION}-output-files.xcfilelist",
			);
			runOnlyForDeploymentPostprocessing = 0;
			shellPath = /bin/sh;
			shellScript = "\"${PODS_ROOT}/Target Support Files/Pods-momsnagging/Pods-momsnagging-frameworks.sh\"\n";
			showEnvVarsInLog = 0;
		};
		868A11A5280F9047004DAC73 /* SwiftGen Script */ = {
			isa = PBXShellScriptBuildPhase;
			buildActionMask = 2147483647;
			files = (
			);
			inputFileListPaths = (
			);
			inputPaths = (
			);
			name = "SwiftGen Script";
			outputFileListPaths = (
			);
			outputPaths = (
			);
			runOnlyForDeploymentPostprocessing = 0;
			shellPath = /bin/sh;
			shellScript = "# Type a script or drag a script file from your workspace to insert its path.\nif [[ -f \"${PODS_ROOT}/SwiftGen/bin/swiftgen\" ]]; then\n  \"${PODS_ROOT}/SwiftGen/bin/swiftgen\"\nelse\n  echo \"warning: SwiftGen is not installed. Run 'pod install --repo-update' to install it.\"\nfi\n";
		};
		A06BB31527F058AC005727AD /* SwiftLint Script */ = {
			isa = PBXShellScriptBuildPhase;
			buildActionMask = 2147483647;
			files = (
			);
			inputFileListPaths = (
			);
			inputPaths = (
			);
			name = "SwiftLint Script";
			outputFileListPaths = (
			);
			outputPaths = (
			);
			runOnlyForDeploymentPostprocessing = 0;
			shellPath = /bin/sh;
			shellScript = "# Type a script or drag a script file from your workspace to insert its path.\n${PODS_ROOT}/SwiftLint/swiftlint\n";
		};
		A06F805E27DDFCEB00F13BFD /* Crashlytics Script */ = {
			isa = PBXShellScriptBuildPhase;
			buildActionMask = 2147483647;
			files = (
			);
			inputFileListPaths = (
			);
			inputPaths = (
			);
			name = "Crashlytics Script";
			outputFileListPaths = (
			);
			outputPaths = (
			);
			runOnlyForDeploymentPostprocessing = 0;
			shellPath = /bin/sh;
			shellScript = "# Type a script or drag a script file from your workspace to insert its path.\n#\"${PODS_ROOT}/FirebaseCrashlytics/run\"\nif [ \"${CONFIGURATION}\" != \"Debug\" ]; then\n    \"${PODS_ROOT}/FirebaseCrashlytics/run\"\n    \"${PODS_ROOT}/FirebaseCrashlytics/upload-symbols\" -gsp ${BUILT_PRODUCTS_DIR}/${PRODUCT_NAME}.app/GoogleService-Info.plist -p ios ${DWARF_DSYM_FOLDER_PATH}/${DWARF_DSYM_FILE_NAME}\nfi\n";
		};
		A0728E2927DDD9F80046058D /* Firebase Script */ = {
			isa = PBXShellScriptBuildPhase;
			buildActionMask = 2147483647;
			files = (
			);
			inputFileListPaths = (
			);
			inputPaths = (
			);
			name = "Firebase Script";
			outputFileListPaths = (
			);
			outputPaths = (
			);
			runOnlyForDeploymentPostprocessing = 0;
			shellPath = /bin/sh;
			shellScript = "case \"${CONFIGURATION}\" in\n\"Debug\" )\ncp -r \"$SRCROOT/momsnagging/FBConfig/Debug/GoogleService-Info.plist\" \"${BUILT_PRODUCTS_DIR}/${PRODUCT_NAME}.app/GoogleService-Info.plist\" ;;\n\"Release\" )\ncp -r \"$SRCROOT/momsnagging/FBConfig/Release/GoogleService-Info.plist\" \"${BUILT_PRODUCTS_DIR}/${PRODUCT_NAME}.app/GoogleService-Info.plist\" ;;\n- )\n;;\nesac\n";
		};
/* End PBXShellScriptBuildPhase section */

/* Begin PBXSourcesBuildPhase section */
		8F06EBFF27D892D900A17FF2 /* Sources */ = {
			isa = PBXSourcesBuildPhase;
			buildActionMask = 2147483647;
			files = (
				868A57512828A619004153BB /* CommonTextField.swift in Sources */,
				A06AB661282644A4006AAD73 /* NicknameSettingViewModel.swift in Sources */,
				8F22F83A281D0B5800AB4180 /* MyView.swift in Sources */,
				A06BB35327F0D1E6005727AD /* OnboardingViewModel.swift in Sources */,
				A0BC330A28153A0A00F04B58 /* OnboardingPageView.swift in Sources */,
				A061F0F22823AF3700F9CC18 /* DetailDiaryViewModel.swift in Sources */,
				86E699FF2822727D00EA6BC3 /* UserInfoRequest.swift in Sources */,
				A06BB34127F0BAA3005727AD /* LoginView.swift in Sources */,
				8F8D11D9282663B600E7DA6C /* HomeTodoList.swift in Sources */,
				86523CA02824FD4A00F243A8 /* DetailHabitView.swift in Sources */,
				A061F0F02823AF1B00F9CC18 /* DetailDiaryView.swift in Sources */,
				8F1F93A527EEF2C6000F08AF /* CalendarDayCell.swift in Sources */,
				86E39209280F93E2007D3C04 /* XCAssets+Generated.swift in Sources */,
				A0BC330E28153AB800F04B58 /* OnboardingPageViewModel.swift in Sources */,
				8F1F939F27EC89C0000F08AF /* CalendarView.swift in Sources */,
				86523CA22824FD7F00F243A8 /* DetailHabitViewModel.swift in Sources */,
				A0B581B62827A5780099C9BA /* UIColor+Extension.swift in Sources */,
				8F1F93A327EC8A3C000F08AF /* CalendarModel.swift in Sources */,
				A024E050281EA3F600AA60D6 /* CommonButton.swift in Sources */,
				A06BB34F27F0C21E005727AD /* OnboardingView.swift in Sources */,
				86B36F722817756800655059 /* UIView+Extension.swift in Sources */,
				8677C734282B469700709F99 /* PerformTimeGuideCell.swift in Sources */,
				8F22F836281D0B4400AB4180 /* MyViewModel.swift in Sources */,
				A06BB35127F0D18B005727AD /* Navigator.swift in Sources */,
				A06BB35527F0D216005727AD /* LoginViewModel.swift in Sources */,
				A0FB9D0D282E58FA000FED33 /* Array+Extension.swift in Sources */,
				8F927A612824D5C7000FFA75 /* DiaryModel.swift in Sources */,
				8F927A632824FF83000FFA75 /* DiaryCalendarCell.swift in Sources */,
				8662F760282A5892007998CE /* PerformTimeSettingView.swift in Sources */,
				8677C736282B70F400709F99 /* LeftAlignedCollectionViewFlowLayout.swift in Sources */,
				8F82E72F27D8A89F008CDC22 /* CommonView.swift in Sources */,
				A0269005283148E0009A40A0 /* CommonSwitch.swift in Sources */,
				868A57562828CC7C004153BB /* CycleCell.swift in Sources */,
				A0B581B42827A4D60099C9BA /* RecommendHabitTitle.swift in Sources */,
				A06BB34327F0BABA005727AD /* IntroViewModel.swift in Sources */,
				8F22F83C281D0B9000AB4180 /* ReportCardView.swift in Sources */,
				867C1411281A7602007E5590 /* IDSettingView.swift in Sources */,
				86E69A01282272F500EA6BC3 /* UserInfo.swift in Sources */,
				A06BB33D27F0BA72005727AD /* IntroView.swift in Sources */,
				A0A674242813EC6900E0223B /* Onboarding.swift in Sources */,
				8F22F834281D0B3800AB4180 /* ReportCardModel.swift in Sources */,
				A0BC330C28153A5900F04B58 /* BasePageViewController.swift in Sources */,
				8662F762282A5C9B007998CE /* PerformTimeSettingViewModel.swift in Sources */,
				8638A552281B7874003D771B /* UITextField+Extension.swift in Sources */,
				867C1413281A7615007E5590 /* IDSettingViewModel.swift in Sources */,
				A0024DDF281322E100645F25 /* OnboardingItemViewModel.swift in Sources */,
				A0024DDD2813227800645F25 /* OnboardingItemView.swift in Sources */,
				8F22F830281D0B1D00AB4180 /* HomeViewModel.swift in Sources */,
				A035B0762812A0A100747389 /* StringDefinition.swift in Sources */,
				8F06EC0727D892D900A17FF2 /* AppDelegate.swift in Sources */,
				86E699F828226AC500EA6BC3 /* MomsNaggingAPI+Path.swift in Sources */,
				8F1F93A727EEF2DA000F08AF /* CalendarWeekDayCell.swift in Sources */,
				86E699F2282264B600EA6BC3 /* MomsNaggingAPI+Request.swift in Sources */,
				A067E592281D93F70017EF53 /* NicknameSettingView.swift in Sources */,
				86E699EC2822628400EA6BC3 /* MomsNaggingAPI.swift in Sources */,
				A0B5C37F27F890BF001EB062 /* BaseViewModel.swift in Sources */,
				8F06EC0927D892D900A17FF2 /* SceneDelegate.swift in Sources */,
				86D4BE2727F6835C00E9EE8B /* OSLog+Extension.swift in Sources */,
				8F22F82E281D0B1200AB4180 /* HomeModel.swift in Sources */,
				A0B581AE282797810099C9BA /* RecommendHabitTitleCell.swift in Sources */,
				86E699F62822683000EA6BC3 /* MomsNaggingAPI+Method.swift in Sources */,
				868A57532828B70F004153BB /* CommonHintLabel.swift in Sources */,
				A0B6AD90282639D100F02E71 /* AddHabitView.swift in Sources */,
				8FBA8529281D56CB0013C91C /* WeekDayCalendarCell.swift in Sources */,
				86E699EE2822632200EA6BC3 /* Moya+NetworkError.swift in Sources */,
				8F82E73127D8AA9C008CDC22 /* ApiList.swift in Sources */,
				A0A992C2282ECB81009049CF /* CommonBottomSheet.swift in Sources */,
				86E39212280FC9C6007D3C04 /* Fonts+Generated.swift in Sources */,
				8F22F832281D0B2E00AB4180 /* ReportCardViewModel.swift in Sources */,
				8F8D11D62826225300E7DA6C /* FloatingBtn.swift in Sources */,
				8F927A5E2824D5B9000FFA75 /* DiaryViewModel.swift in Sources */,
				86D4BE2E27F6BE2000E9EE8B /* User.swift in Sources */,
				8F8D11DB282665EE00E7DA6C /* HomeTodoListCell.swift in Sources */,
				A0B6AD92282639E400F02E71 /* AddHabitViewModel.swift in Sources */,
				8F927A5E2824D5B9000FFA75 /* DiaryViewModel.swift in Sources */,
				86D4BE2E27F6BE2000E9EE8B /* User.swift in Sources */,
				8F927A5B2824D5AC000FFA75 /* DiaryView.swift in Sources */,
				8FBA852C281E4C940013C91C /* HomeCalendarCell.swift in Sources */,
				8617642E28111AB400F7B254 /* Observable+Operators.swift in Sources */,
				8F22F838281D0B4B00AB4180 /* MyModel.swift in Sources */,
				8F1F93A127EC89D8000F08AF /* CalendarViewModel.swift in Sources */,
				86E699F42822681F00EA6BC3 /* MomsNaggingAPI+BaseURL.swift in Sources */,
				A0B581B02827A0010099C9BA /* BaseCollectionViewCell.swift in Sources */,
				8FA68740281CF39400F91EB8 /* MainContainerView.swift in Sources */,
				A06BB33927F0BA37005727AD /* BaseViewController.swift in Sources */,
				8F1F93A927EF51B4000F08AF /* Common.swift in Sources */,
				A06BB35827F0E55C005727AD /* UIViewController+Rx.swift in Sources */,
				86E699FD2822724100EA6BC3 /* ModelType.swift in Sources */,
				86E699F02822641F00EA6BC3 /* MomsNaggingAPI+Task.swift in Sources */,
				A0A992C0282EB8F8009049CF /* Habit.swift in Sources */,
				8F22F83E281D0BB100AB4180 /* HomeView.swift in Sources */,
				A06BB35A27F0E982005727AD /* BaseNavigationController.swift in Sources */,
				8F22F81C281D006700AB4180 /* MainContainerViewModel.swift in Sources */,
			);
			runOnlyForDeploymentPostprocessing = 0;
		};
/* End PBXSourcesBuildPhase section */

/* Begin PBXVariantGroup section */
		8F06EC1127D892DB00A17FF2 /* LaunchScreen.storyboard */ = {
			isa = PBXVariantGroup;
			children = (
				8F06EC1227D892DB00A17FF2 /* Base */,
			);
			name = LaunchScreen.storyboard;
			sourceTree = "<group>";
		};
/* End PBXVariantGroup section */

/* Begin XCBuildConfiguration section */
		8F06EC1527D892DB00A17FF2 /* Debug */ = {
			isa = XCBuildConfiguration;
			buildSettings = {
				ALWAYS_SEARCH_USER_PATHS = NO;
				CLANG_ANALYZER_NONNULL = YES;
				CLANG_ANALYZER_NUMBER_OBJECT_CONVERSION = YES_AGGRESSIVE;
				CLANG_CXX_LANGUAGE_STANDARD = "gnu++17";
				CLANG_CXX_LIBRARY = "libc++";
				CLANG_ENABLE_MODULES = YES;
				CLANG_ENABLE_OBJC_ARC = YES;
				CLANG_ENABLE_OBJC_WEAK = YES;
				CLANG_WARN_BLOCK_CAPTURE_AUTORELEASING = YES;
				CLANG_WARN_BOOL_CONVERSION = YES;
				CLANG_WARN_COMMA = YES;
				CLANG_WARN_CONSTANT_CONVERSION = YES;
				CLANG_WARN_DEPRECATED_OBJC_IMPLEMENTATIONS = YES;
				CLANG_WARN_DIRECT_OBJC_ISA_USAGE = YES_ERROR;
				CLANG_WARN_DOCUMENTATION_COMMENTS = YES;
				CLANG_WARN_EMPTY_BODY = YES;
				CLANG_WARN_ENUM_CONVERSION = YES;
				CLANG_WARN_INFINITE_RECURSION = YES;
				CLANG_WARN_INT_CONVERSION = YES;
				CLANG_WARN_NON_LITERAL_NULL_CONVERSION = YES;
				CLANG_WARN_OBJC_IMPLICIT_RETAIN_SELF = YES;
				CLANG_WARN_OBJC_LITERAL_CONVERSION = YES;
				CLANG_WARN_OBJC_ROOT_CLASS = YES_ERROR;
				CLANG_WARN_QUOTED_INCLUDE_IN_FRAMEWORK_HEADER = YES;
				CLANG_WARN_RANGE_LOOP_ANALYSIS = YES;
				CLANG_WARN_STRICT_PROTOTYPES = YES;
				CLANG_WARN_SUSPICIOUS_MOVE = YES;
				CLANG_WARN_UNGUARDED_AVAILABILITY = YES_AGGRESSIVE;
				CLANG_WARN_UNREACHABLE_CODE = YES;
				CLANG_WARN__DUPLICATE_METHOD_MATCH = YES;
				COPY_PHASE_STRIP = NO;
				DEBUG_INFORMATION_FORMAT = dwarf;
				ENABLE_STRICT_OBJC_MSGSEND = YES;
				ENABLE_TESTABILITY = YES;
				GCC_C_LANGUAGE_STANDARD = gnu11;
				GCC_DYNAMIC_NO_PIC = NO;
				GCC_NO_COMMON_BLOCKS = YES;
				GCC_OPTIMIZATION_LEVEL = 0;
				GCC_PREPROCESSOR_DEFINITIONS = (
					"DEBUG=1",
					"$(inherited)",
				);
				GCC_WARN_64_TO_32_BIT_CONVERSION = YES;
				GCC_WARN_ABOUT_RETURN_TYPE = YES_ERROR;
				GCC_WARN_UNDECLARED_SELECTOR = YES;
				GCC_WARN_UNINITIALIZED_AUTOS = YES_AGGRESSIVE;
				GCC_WARN_UNUSED_FUNCTION = YES;
				GCC_WARN_UNUSED_VARIABLE = YES;
				GOOGLE_CLIENT_ID = "124964608262-pgkimsv78a5tc2jkum5oc9716u78qhna.apps.googleusercontent.com";
				IPHONEOS_DEPLOYMENT_TARGET = 15.0;
				KAKAO_NATIVE_APP_KEY = 1257609eb9b1c0e9024b3efe772c07fa;
				MTL_ENABLE_DEBUG_INFO = INCLUDE_SOURCE;
				MTL_FAST_MATH = YES;
				ONLY_ACTIVE_ARCH = YES;
				SDKROOT = iphoneos;
				SWIFT_ACTIVE_COMPILATION_CONDITIONS = DEBUG;
				SWIFT_OPTIMIZATION_LEVEL = "-Onone";
			};
			name = Debug;
		};
		8F06EC1627D892DB00A17FF2 /* Release */ = {
			isa = XCBuildConfiguration;
			buildSettings = {
				ALWAYS_SEARCH_USER_PATHS = NO;
				CLANG_ANALYZER_NONNULL = YES;
				CLANG_ANALYZER_NUMBER_OBJECT_CONVERSION = YES_AGGRESSIVE;
				CLANG_CXX_LANGUAGE_STANDARD = "gnu++17";
				CLANG_CXX_LIBRARY = "libc++";
				CLANG_ENABLE_MODULES = YES;
				CLANG_ENABLE_OBJC_ARC = YES;
				CLANG_ENABLE_OBJC_WEAK = YES;
				CLANG_WARN_BLOCK_CAPTURE_AUTORELEASING = YES;
				CLANG_WARN_BOOL_CONVERSION = YES;
				CLANG_WARN_COMMA = YES;
				CLANG_WARN_CONSTANT_CONVERSION = YES;
				CLANG_WARN_DEPRECATED_OBJC_IMPLEMENTATIONS = YES;
				CLANG_WARN_DIRECT_OBJC_ISA_USAGE = YES_ERROR;
				CLANG_WARN_DOCUMENTATION_COMMENTS = YES;
				CLANG_WARN_EMPTY_BODY = YES;
				CLANG_WARN_ENUM_CONVERSION = YES;
				CLANG_WARN_INFINITE_RECURSION = YES;
				CLANG_WARN_INT_CONVERSION = YES;
				CLANG_WARN_NON_LITERAL_NULL_CONVERSION = YES;
				CLANG_WARN_OBJC_IMPLICIT_RETAIN_SELF = YES;
				CLANG_WARN_OBJC_LITERAL_CONVERSION = YES;
				CLANG_WARN_OBJC_ROOT_CLASS = YES_ERROR;
				CLANG_WARN_QUOTED_INCLUDE_IN_FRAMEWORK_HEADER = YES;
				CLANG_WARN_RANGE_LOOP_ANALYSIS = YES;
				CLANG_WARN_STRICT_PROTOTYPES = YES;
				CLANG_WARN_SUSPICIOUS_MOVE = YES;
				CLANG_WARN_UNGUARDED_AVAILABILITY = YES_AGGRESSIVE;
				CLANG_WARN_UNREACHABLE_CODE = YES;
				CLANG_WARN__DUPLICATE_METHOD_MATCH = YES;
				COPY_PHASE_STRIP = NO;
				DEBUG_INFORMATION_FORMAT = "dwarf-with-dsym";
				ENABLE_NS_ASSERTIONS = NO;
				ENABLE_STRICT_OBJC_MSGSEND = YES;
				GCC_C_LANGUAGE_STANDARD = gnu11;
				GCC_NO_COMMON_BLOCKS = YES;
				GCC_WARN_64_TO_32_BIT_CONVERSION = YES;
				GCC_WARN_ABOUT_RETURN_TYPE = YES_ERROR;
				GCC_WARN_UNDECLARED_SELECTOR = YES;
				GCC_WARN_UNINITIALIZED_AUTOS = YES_AGGRESSIVE;
				GCC_WARN_UNUSED_FUNCTION = YES;
				GCC_WARN_UNUSED_VARIABLE = YES;
				GOOGLE_CLIENT_ID = "124964608262-donppl2rva0b9i5scldi6m4iuoa809oj.apps.googleusercontent.com";
				IPHONEOS_DEPLOYMENT_TARGET = 15.0;
				KAKAO_NATIVE_APP_KEY = 1257609eb9b1c0e9024b3efe772c07fa;
				MTL_ENABLE_DEBUG_INFO = NO;
				MTL_FAST_MATH = YES;
				SDKROOT = iphoneos;
				SWIFT_COMPILATION_MODE = wholemodule;
				SWIFT_OPTIMIZATION_LEVEL = "-O";
				VALIDATE_PRODUCT = YES;
			};
			name = Release;
		};
		8F06EC1827D892DB00A17FF2 /* Debug */ = {
			isa = XCBuildConfiguration;
			baseConfigurationReference = 7976B2BB96C29942DF65316A /* Pods-momsnagging.debug.xcconfig */;
			buildSettings = {
				ASSETCATALOG_COMPILER_APPICON_NAME = AppIcon;
				ASSETCATALOG_COMPILER_GLOBAL_ACCENT_COLOR_NAME = AccentColor;
				CODE_SIGN_ENTITLEMENTS = momsnagging/momsnagging.entitlements;
				CODE_SIGN_IDENTITY = "iPhone Developer";
				CODE_SIGN_STYLE = Manual;
				CURRENT_PROJECT_VERSION = 1;
				DEPLOY_PHASE = debug;
				DEVELOPMENT_TEAM = 3T5QFYSPG5;
				GENERATE_INFOPLIST_FILE = YES;
				GOOGLE_CLIENT_ID = "124964608262-32u0a6bdj4875g40e9t5aadmrpp7sirr.apps.googleusercontent.com";
				INFOPLIST_FILE = momsnagging/Resources/Info.plist;
				INFOPLIST_KEY_CFBundleDisplayName = "엄마의 잔소리(개발)";
				INFOPLIST_KEY_UIApplicationSupportsIndirectInputEvents = YES;
				INFOPLIST_KEY_UILaunchStoryboardName = LaunchScreen;
				INFOPLIST_KEY_UISupportedInterfaceOrientations = UIInterfaceOrientationPortrait;
				INFOPLIST_KEY_UISupportedInterfaceOrientations_iPad = "UIInterfaceOrientationPortrait UIInterfaceOrientationPortraitUpsideDown UIInterfaceOrientationLandscapeLeft UIInterfaceOrientationLandscapeRight";
				INFOPLIST_KEY_UISupportedInterfaceOrientations_iPhone = "UIInterfaceOrientationPortrait UIInterfaceOrientationLandscapeLeft UIInterfaceOrientationLandscapeRight";
				IPHONEOS_DEPLOYMENT_TARGET = 13.0;
				LD_RUNPATH_SEARCH_PATHS = (
					"$(inherited)",
					"@executable_path/Frameworks",
				);
				MARKETING_VERSION = 0.0.1;
				PRODUCT_BUNDLE_IDENTIFIER = team.jasik.momsnagging.dev;
				PRODUCT_NAME = "$(TARGET_NAME)";
				PROVISIONING_PROFILE_SPECIFIER = momsnagging.dev_dev;
				SWIFT_EMIT_LOC_STRINGS = YES;
				SWIFT_VERSION = 5.0;
				TARGETED_DEVICE_FAMILY = 1;
			};
			name = Debug;
		};
		8F06EC1927D892DB00A17FF2 /* Release */ = {
			isa = XCBuildConfiguration;
			baseConfigurationReference = 2900CA227AEED8ABFD8BD259 /* Pods-momsnagging.release.xcconfig */;
			buildSettings = {
				ASSETCATALOG_COMPILER_APPICON_NAME = AppIcon;
				ASSETCATALOG_COMPILER_GLOBAL_ACCENT_COLOR_NAME = AccentColor;
				CODE_SIGN_ENTITLEMENTS = momsnagging/momsnagging.entitlements;
				CODE_SIGN_IDENTITY = "iPhone Developer";
				CODE_SIGN_STYLE = Manual;
				CURRENT_PROJECT_VERSION = 1;
				DEPLOY_PHASE = release;
				DEVELOPMENT_TEAM = 3T5QFYSPG5;
				GENERATE_INFOPLIST_FILE = YES;
				INFOPLIST_FILE = momsnagging/Resources/Info.plist;
				INFOPLIST_KEY_CFBundleDisplayName = "엄마의 잔소리(개발)";
				INFOPLIST_KEY_UIApplicationSupportsIndirectInputEvents = YES;
				INFOPLIST_KEY_UILaunchStoryboardName = LaunchScreen;
				INFOPLIST_KEY_UISupportedInterfaceOrientations = UIInterfaceOrientationPortrait;
				INFOPLIST_KEY_UISupportedInterfaceOrientations_iPad = "UIInterfaceOrientationPortrait UIInterfaceOrientationPortraitUpsideDown UIInterfaceOrientationLandscapeLeft UIInterfaceOrientationLandscapeRight";
				INFOPLIST_KEY_UISupportedInterfaceOrientations_iPhone = "UIInterfaceOrientationPortrait UIInterfaceOrientationLandscapeLeft UIInterfaceOrientationLandscapeRight";
				IPHONEOS_DEPLOYMENT_TARGET = 13.0;
				LD_RUNPATH_SEARCH_PATHS = (
					"$(inherited)",
					"@executable_path/Frameworks",
				);
				MARKETING_VERSION = 0.0.1;
				PRODUCT_BUNDLE_IDENTIFIER = team.jasik.momsnagging;
				PRODUCT_NAME = "$(TARGET_NAME)";
				PROVISIONING_PROFILE_SPECIFIER = momsnagging_dev;
				SWIFT_EMIT_LOC_STRINGS = YES;
				SWIFT_VERSION = 5.0;
				TARGETED_DEVICE_FAMILY = 1;
			};
			name = Release;
		};
/* End XCBuildConfiguration section */

/* Begin XCConfigurationList section */
		8F06EBFE27D892D900A17FF2 /* Build configuration list for PBXProject "momsnagging" */ = {
			isa = XCConfigurationList;
			buildConfigurations = (
				8F06EC1527D892DB00A17FF2 /* Debug */,
				8F06EC1627D892DB00A17FF2 /* Release */,
			);
			defaultConfigurationIsVisible = 0;
			defaultConfigurationName = Debug;
		};
		8F06EC1727D892DB00A17FF2 /* Build configuration list for PBXNativeTarget "momsnagging" */ = {
			isa = XCConfigurationList;
			buildConfigurations = (
				8F06EC1827D892DB00A17FF2 /* Debug */,
				8F06EC1927D892DB00A17FF2 /* Release */,
			);
			defaultConfigurationIsVisible = 0;
			defaultConfigurationName = Debug;
		};
/* End XCConfigurationList section */
	};
	rootObject = 8F06EBFB27D892D900A17FF2 /* Project object */;
}
